
Microsoft Visual Studio Solution File, Format Version 12.00
# Visual Studio Version 16
VisualStudioVersion = 16.0.30516.212
MinimumVisualStudioVersion = 15.0.26124.0
Project("{9A19103F-16F7-4668-BE54-9A1E7A4F7556}") = "NerdyMishka.Primitives", "dotnet\src\NerdyMishka.Primitives\NerdyMishka.Primitives.csproj", "{51D163EC-7B89-4AF8-B0E1-CA1DABFBF839}"
EndProject
Project("{9A19103F-16F7-4668-BE54-9A1E7A4F7556}") = "NerdyMishka.Security", "dotnet\src\NerdyMishka.Security\NerdyMishka.Security.csproj", "{4A87F659-FABC-4282-AD82-0EE72573321C}"
EndProject
Project("{9A19103F-16F7-4668-BE54-9A1E7A4F7556}") = "NerdyMishka.Mettle", "dotnet\src\NerdyMishka.Mettle\NerdyMishka.Mettle.csproj", "{2A033786-82B2-4FB1-8C86-3D2A24B8BA97}"
EndProject
Project("{9A19103F-16F7-4668-BE54-9A1E7A4F7556}") = "NerdyMishka.Extensions.Data", "dotnet\src\NerdyMishka.Extensions.Data\NerdyMishka.Extensions.Data.csproj", "{12D628F7-2989-4E7B-B4BE-5F8A96661CAE}"
EndProject
Project("{9A19103F-16F7-4668-BE54-9A1E7A4F7556}") = "NerdyMishka.Windows", "dotnet\src\NerdyMishka.Windows\NerdyMishka.Windows.csproj", "{EDCF3820-E339-4B24-B732-2D776198D5B2}"
EndProject
Project("{9A19103F-16F7-4668-BE54-9A1E7A4F7556}") = "NerdyMishka.Windows.CredentialManager", "dotnet\src\NerdyMishka.Windows.CredentialManager\NerdyMishka.Windows.CredentialManager.csproj", "{E395D56C-A499-4174-944D-65C8ED2339A8}"
EndProject
Project("{9A19103F-16F7-4668-BE54-9A1E7A4F7556}") = "NerdyMishka.Tests", "dotnet\test\NerdyMishka.Tests\NerdyMishka.Tests.csproj", "{3652E3CF-338B-4DFD-B4B7-0BDDC36DA64D}"
EndProject
Project("{2150E333-8FDC-42A3-9474-1A3956D46DE8}") = "src", "src", "{BBCEB82A-8F6D-4A95-9105-C19457CC8F38}"
EndProject
Project("{2150E333-8FDC-42A3-9474-1A3956D46DE8}") = "test", "test", "{7A27913B-84F7-4295-9017-06AAA7C2BDA8}"
EndProject
Project("{9A19103F-16F7-4668-BE54-9A1E7A4F7556}") = "NerdyMishka.Commandline.Hosting", "dotnet\src\NerdyMishka.Commandline.Hosting\NerdyMishka.Commandline.Hosting.csproj", "{3096B0E9-82D8-4173-AE97-9C6F8BD861C2}"
EndProject
Project("{9A19103F-16F7-4668-BE54-9A1E7A4F7556}") = "NerdyMishka.EntityFrameworkCore.Relational", "dotnet\src\NerdyMishka.EntityFrameworkCore.Relational\NerdyMishka.EntityFrameworkCore.Relational.csproj", "{2AA24FEB-C3BC-412C-ADC3-4DB894D4B667}"
EndProject
Project("{9A19103F-16F7-4668-BE54-9A1E7A4F7556}") = "NerdyMishka.EntityFrameworkCore.SqlServer", "dotnet\src\NerdyMishka.EntityFrameworkCore.SqlServer\NerdyMishka.EntityFrameworkCore.SqlServer.csproj", "{8C17CB9A-5168-417F-9F24-19AA2C38155C}"
EndProject
Project("{9A19103F-16F7-4668-BE54-9A1E7A4F7556}") = "Nmx", "dotnet\src\Nmx\Nmx.csproj", "{FA0F7155-A493-4732-9344-4A49C1835418}"
EndProject
Project("{9A19103F-16F7-4668-BE54-9A1E7A4F7556}") = "Nmx.Api", "dotnet\src\Nmx.Api\Nmx.Api.csproj", "{4401958D-1ABB-431B-93A7-08EFCB0F397E}"
EndProject
Project("{9A19103F-16F7-4668-BE54-9A1E7A4F7556}") = "Nmx.Data", "dotnet\src\Nmx.Data\Nmx.Data.csproj", "{404FFC23-0266-4E63-8DA4-F1C11652F518}"
EndProject
Project("{9A19103F-16F7-4668-BE54-9A1E7A4F7556}") = "NerdyMishka.PowerShell.Hosting", "dotnet\src\NerdyMishka.PowerShell.Hosting\NerdyMishka.PowerShell.Hosting.csproj", "{AD764B71-0B22-449F-933A-8766953916D9}"
EndProject
Project("{FAE04EC0-301F-11D3-BF4B-00C04F79EFBC}") = "NerdyMishka.Extensions.Configuration", "dotnet\src\NerdyMishka.Extensions.Configuration\NerdyMishka.Extensions.Configuration.csproj", "{803508BD-85B9-4138-A755-A184667F4952}"
EndProject
Project("{FAE04EC0-301F-11D3-BF4B-00C04F79EFBC}") = "NerdyMishka.Extensions.DependencyInjection", "dotnet\src\NerdyMishka.Extensions.DependencyInjection\NerdyMishka.Extensions.DependencyInjection.csproj", "{5D9FE48C-20A7-4B5F-AF84-79DC4D56A2E4}"
EndProject
Project("{FAE04EC0-301F-11D3-BF4B-00C04F79EFBC}") = "NerdyMishka.Extensions.Logging", "dotnet\src\NerdyMishka.Extensions.Logging\NerdyMishka.Extensions.Logging.csproj", "{D245A0B5-36BD-4086-AE5E-764EFA9347AE}"
EndProject
Project("{FAE04EC0-301F-11D3-BF4B-00C04F79EFBC}") = "NerdyMishka.Jobs.Abstractions", "dotnet\src\NerdyMishka.Jobs.Abstractions\NerdyMishka.Jobs.Abstractions.csproj", "{DEF06E64-512B-4AB2-871E-C608BCA62824}"
EndProject
Project("{FAE04EC0-301F-11D3-BF4B-00C04F79EFBC}") = "NerdyMishka.Jobs.Hangfire", "dotnet\src\NerdyMishka.Jobs.Hangfire\NerdyMishka.Jobs.Hangfire.csproj", "{5C1996CA-420A-4A88-821C-20E667D0A022}"
EndProject
Project("{FAE04EC0-301F-11D3-BF4B-00C04F79EFBC}") = "NerdyMishka.Extensions.ApplicationInsights", "dotnet\src\NerdyMishka.Extensions.ApplicationInsights\NerdyMishka.Extensions.ApplicationInsights.csproj", "{E2165B42-CCFC-4B95-96EA-4D6548E193BA}"
EndProject
Project("{FAE04EC0-301F-11D3-BF4B-00C04F79EFBC}") = "NerdyMishka.MessageBus.Abstractions", "dotnet\src\NerdyMishka.MessageBus.Abstractions\NerdyMishka.MessageBus.Abstractions.csproj", "{8FD31E96-B4FE-4813-830A-5CA3559A5184}"
EndProject
Project("{FAE04EC0-301F-11D3-BF4B-00C04F79EFBC}") = "NerdyMishka.MessageBus.MassTransit", "dotnet\src\NerdyMishka.MessageBus.MassTransit\NerdyMishka.MessageBus.MassTransit.csproj", "{5AF66643-C228-45C8-87E9-F43758AB2396}"
EndProject
Project("{FAE04EC0-301F-11D3-BF4B-00C04F79EFBC}") = "NerdyMishka.Extensions.Caching", "dotnet\src\NerdyMishka.Extensions.Caching\NerdyMishka.Extensions.Caching.csproj", "{CE414CC7-FA9E-4EA3-8107-31C982AC3931}"
EndProject
Project("{FAE04EC0-301F-11D3-BF4B-00C04F79EFBC}") = "NerdyMishka.Linq.Reflection", "dotnet\src\NerdyMishka.Linq.Reflection\NerdyMishka.Linq.Reflection.csproj", "{5E9C8772-CDCD-4BF6-9613-3DBCB9A4959A}"
EndProject
Project("{FAE04EC0-301F-11D3-BF4B-00C04F79EFBC}") = "NerdyMishka.Linq.Expressions", "dotnet\src\NerdyMishka.Linq.Expressions\NerdyMishka.Linq.Expressions.csproj", "{0500C2AD-0288-42F4-B007-2F31EFB5AAAC}"
EndProject
Project("{FAE04EC0-301F-11D3-BF4B-00C04F79EFBC}") = "NerdyMishka.ComponentModel", "dotnet\src\NerdyMishka.ComponentModel\NerdyMishka.ComponentModel.csproj", "{1A95FFBA-2A94-45F9-A3BE-A6726A89A685}"
EndProject
Project("{FAE04EC0-301F-11D3-BF4B-00C04F79EFBC}") = "NerdyMishka.Search.Abstractions", "dotnet\src\NerdyMishka.Search.Abstractions\NerdyMishka.Search.Abstractions.csproj", "{8DC5D692-17B9-495D-B7B5-6AED0F23D54E}"
EndProject
Project("{FAE04EC0-301F-11D3-BF4B-00C04F79EFBC}") = "NerdyMishka.Search.Lucene", "dotnet\src\NerdyMishka.Search.Lucene\NerdyMishka.Search.Lucene.csproj", "{42FCF3F9-D7A3-449E-AE18-9506E27EC1E2}"
EndProject
Project("{FAE04EC0-301F-11D3-BF4B-00C04F79EFBC}") = "NerdyMishka.Extensions.PlatformAbstractions", "dotnet\src\NerdyMishka.Extensions.PlatformAbstractions\NerdyMishka.Extensions.PlatformAbstractions.csproj", "{A75BA006-FDBB-46C1-B30C-E27C7901366B}"
EndProject
Project("{FAE04EC0-301F-11D3-BF4B-00C04F79EFBC}") = "NerdyMishka.Process.Commands", "dotnet\src\NerdyMishka.Process.Commands\NerdyMishka.Process.Commands.csproj", "{1C056BC3-BD03-412C-87E0-2E11AF0A7537}"
EndProject
Project("{FAE04EC0-301F-11D3-BF4B-00C04F79EFBC}") = "NerdyMishka.Generators", "dotnet\src\NerdyMishka.Generators\NerdyMishka.Generators.csproj", "{DBC365F8-09B3-43B6-93B6-2B57DE86CBC8}"
EndProject
Global
	GlobalSection(SolutionConfigurationPlatforms) = preSolution
		Debug|Any CPU = Debug|Any CPU
		Debug|x64 = Debug|x64
		Debug|x86 = Debug|x86
		Release|Any CPU = Release|Any CPU
		Release|x64 = Release|x64
		Release|x86 = Release|x86
	EndGlobalSection
	GlobalSection(ProjectConfigurationPlatforms) = postSolution
		{51D163EC-7B89-4AF8-B0E1-CA1DABFBF839}.Debug|Any CPU.ActiveCfg = Debug|Any CPU
		{51D163EC-7B89-4AF8-B0E1-CA1DABFBF839}.Debug|Any CPU.Build.0 = Debug|Any CPU
		{51D163EC-7B89-4AF8-B0E1-CA1DABFBF839}.Debug|x64.ActiveCfg = Debug|Any CPU
		{51D163EC-7B89-4AF8-B0E1-CA1DABFBF839}.Debug|x64.Build.0 = Debug|Any CPU
		{51D163EC-7B89-4AF8-B0E1-CA1DABFBF839}.Debug|x86.ActiveCfg = Debug|Any CPU
		{51D163EC-7B89-4AF8-B0E1-CA1DABFBF839}.Debug|x86.Build.0 = Debug|Any CPU
		{51D163EC-7B89-4AF8-B0E1-CA1DABFBF839}.Release|Any CPU.ActiveCfg = Release|Any CPU
		{51D163EC-7B89-4AF8-B0E1-CA1DABFBF839}.Release|Any CPU.Build.0 = Release|Any CPU
		{51D163EC-7B89-4AF8-B0E1-CA1DABFBF839}.Release|x64.ActiveCfg = Release|Any CPU
		{51D163EC-7B89-4AF8-B0E1-CA1DABFBF839}.Release|x64.Build.0 = Release|Any CPU
		{51D163EC-7B89-4AF8-B0E1-CA1DABFBF839}.Release|x86.ActiveCfg = Release|Any CPU
		{51D163EC-7B89-4AF8-B0E1-CA1DABFBF839}.Release|x86.Build.0 = Release|Any CPU
		{4A87F659-FABC-4282-AD82-0EE72573321C}.Debug|Any CPU.ActiveCfg = Debug|Any CPU
		{4A87F659-FABC-4282-AD82-0EE72573321C}.Debug|Any CPU.Build.0 = Debug|Any CPU
		{4A87F659-FABC-4282-AD82-0EE72573321C}.Debug|x64.ActiveCfg = Debug|Any CPU
		{4A87F659-FABC-4282-AD82-0EE72573321C}.Debug|x64.Build.0 = Debug|Any CPU
		{4A87F659-FABC-4282-AD82-0EE72573321C}.Debug|x86.ActiveCfg = Debug|Any CPU
		{4A87F659-FABC-4282-AD82-0EE72573321C}.Debug|x86.Build.0 = Debug|Any CPU
		{4A87F659-FABC-4282-AD82-0EE72573321C}.Release|Any CPU.ActiveCfg = Release|Any CPU
		{4A87F659-FABC-4282-AD82-0EE72573321C}.Release|Any CPU.Build.0 = Release|Any CPU
		{4A87F659-FABC-4282-AD82-0EE72573321C}.Release|x64.ActiveCfg = Release|Any CPU
		{4A87F659-FABC-4282-AD82-0EE72573321C}.Release|x64.Build.0 = Release|Any CPU
		{4A87F659-FABC-4282-AD82-0EE72573321C}.Release|x86.ActiveCfg = Release|Any CPU
		{4A87F659-FABC-4282-AD82-0EE72573321C}.Release|x86.Build.0 = Release|Any CPU
		{2A033786-82B2-4FB1-8C86-3D2A24B8BA97}.Debug|Any CPU.ActiveCfg = Debug|Any CPU
		{2A033786-82B2-4FB1-8C86-3D2A24B8BA97}.Debug|Any CPU.Build.0 = Debug|Any CPU
		{2A033786-82B2-4FB1-8C86-3D2A24B8BA97}.Debug|x64.ActiveCfg = Debug|Any CPU
		{2A033786-82B2-4FB1-8C86-3D2A24B8BA97}.Debug|x64.Build.0 = Debug|Any CPU
		{2A033786-82B2-4FB1-8C86-3D2A24B8BA97}.Debug|x86.ActiveCfg = Debug|Any CPU
		{2A033786-82B2-4FB1-8C86-3D2A24B8BA97}.Debug|x86.Build.0 = Debug|Any CPU
		{2A033786-82B2-4FB1-8C86-3D2A24B8BA97}.Release|Any CPU.ActiveCfg = Release|Any CPU
		{2A033786-82B2-4FB1-8C86-3D2A24B8BA97}.Release|Any CPU.Build.0 = Release|Any CPU
		{2A033786-82B2-4FB1-8C86-3D2A24B8BA97}.Release|x64.ActiveCfg = Release|Any CPU
		{2A033786-82B2-4FB1-8C86-3D2A24B8BA97}.Release|x64.Build.0 = Release|Any CPU
		{2A033786-82B2-4FB1-8C86-3D2A24B8BA97}.Release|x86.ActiveCfg = Release|Any CPU
		{2A033786-82B2-4FB1-8C86-3D2A24B8BA97}.Release|x86.Build.0 = Release|Any CPU
		{12D628F7-2989-4E7B-B4BE-5F8A96661CAE}.Debug|Any CPU.ActiveCfg = Debug|Any CPU
		{12D628F7-2989-4E7B-B4BE-5F8A96661CAE}.Debug|Any CPU.Build.0 = Debug|Any CPU
		{12D628F7-2989-4E7B-B4BE-5F8A96661CAE}.Debug|x64.ActiveCfg = Debug|Any CPU
		{12D628F7-2989-4E7B-B4BE-5F8A96661CAE}.Debug|x64.Build.0 = Debug|Any CPU
		{12D628F7-2989-4E7B-B4BE-5F8A96661CAE}.Debug|x86.ActiveCfg = Debug|Any CPU
		{12D628F7-2989-4E7B-B4BE-5F8A96661CAE}.Debug|x86.Build.0 = Debug|Any CPU
		{12D628F7-2989-4E7B-B4BE-5F8A96661CAE}.Release|Any CPU.ActiveCfg = Release|Any CPU
		{12D628F7-2989-4E7B-B4BE-5F8A96661CAE}.Release|Any CPU.Build.0 = Release|Any CPU
		{12D628F7-2989-4E7B-B4BE-5F8A96661CAE}.Release|x64.ActiveCfg = Release|Any CPU
		{12D628F7-2989-4E7B-B4BE-5F8A96661CAE}.Release|x64.Build.0 = Release|Any CPU
		{12D628F7-2989-4E7B-B4BE-5F8A96661CAE}.Release|x86.ActiveCfg = Release|Any CPU
		{12D628F7-2989-4E7B-B4BE-5F8A96661CAE}.Release|x86.Build.0 = Release|Any CPU
		{EDCF3820-E339-4B24-B732-2D776198D5B2}.Debug|Any CPU.ActiveCfg = Debug|Any CPU
		{EDCF3820-E339-4B24-B732-2D776198D5B2}.Debug|Any CPU.Build.0 = Debug|Any CPU
		{EDCF3820-E339-4B24-B732-2D776198D5B2}.Debug|x64.ActiveCfg = Debug|Any CPU
		{EDCF3820-E339-4B24-B732-2D776198D5B2}.Debug|x64.Build.0 = Debug|Any CPU
		{EDCF3820-E339-4B24-B732-2D776198D5B2}.Debug|x86.ActiveCfg = Debug|Any CPU
		{EDCF3820-E339-4B24-B732-2D776198D5B2}.Debug|x86.Build.0 = Debug|Any CPU
		{EDCF3820-E339-4B24-B732-2D776198D5B2}.Release|Any CPU.ActiveCfg = Release|Any CPU
		{EDCF3820-E339-4B24-B732-2D776198D5B2}.Release|Any CPU.Build.0 = Release|Any CPU
		{EDCF3820-E339-4B24-B732-2D776198D5B2}.Release|x64.ActiveCfg = Release|Any CPU
		{EDCF3820-E339-4B24-B732-2D776198D5B2}.Release|x64.Build.0 = Release|Any CPU
		{EDCF3820-E339-4B24-B732-2D776198D5B2}.Release|x86.ActiveCfg = Release|Any CPU
		{EDCF3820-E339-4B24-B732-2D776198D5B2}.Release|x86.Build.0 = Release|Any CPU
		{E395D56C-A499-4174-944D-65C8ED2339A8}.Debug|Any CPU.ActiveCfg = Debug|Any CPU
		{E395D56C-A499-4174-944D-65C8ED2339A8}.Debug|Any CPU.Build.0 = Debug|Any CPU
		{E395D56C-A499-4174-944D-65C8ED2339A8}.Debug|x64.ActiveCfg = Debug|Any CPU
		{E395D56C-A499-4174-944D-65C8ED2339A8}.Debug|x64.Build.0 = Debug|Any CPU
		{E395D56C-A499-4174-944D-65C8ED2339A8}.Debug|x86.ActiveCfg = Debug|Any CPU
		{E395D56C-A499-4174-944D-65C8ED2339A8}.Debug|x86.Build.0 = Debug|Any CPU
		{E395D56C-A499-4174-944D-65C8ED2339A8}.Release|Any CPU.ActiveCfg = Release|Any CPU
		{E395D56C-A499-4174-944D-65C8ED2339A8}.Release|Any CPU.Build.0 = Release|Any CPU
		{E395D56C-A499-4174-944D-65C8ED2339A8}.Release|x64.ActiveCfg = Release|Any CPU
		{E395D56C-A499-4174-944D-65C8ED2339A8}.Release|x64.Build.0 = Release|Any CPU
		{E395D56C-A499-4174-944D-65C8ED2339A8}.Release|x86.ActiveCfg = Release|Any CPU
		{E395D56C-A499-4174-944D-65C8ED2339A8}.Release|x86.Build.0 = Release|Any CPU
		{3652E3CF-338B-4DFD-B4B7-0BDDC36DA64D}.Debug|Any CPU.ActiveCfg = Debug|Any CPU
		{3652E3CF-338B-4DFD-B4B7-0BDDC36DA64D}.Debug|Any CPU.Build.0 = Debug|Any CPU
		{3652E3CF-338B-4DFD-B4B7-0BDDC36DA64D}.Debug|x64.ActiveCfg = Debug|Any CPU
		{3652E3CF-338B-4DFD-B4B7-0BDDC36DA64D}.Debug|x64.Build.0 = Debug|Any CPU
		{3652E3CF-338B-4DFD-B4B7-0BDDC36DA64D}.Debug|x86.ActiveCfg = Debug|Any CPU
		{3652E3CF-338B-4DFD-B4B7-0BDDC36DA64D}.Debug|x86.Build.0 = Debug|Any CPU
		{3652E3CF-338B-4DFD-B4B7-0BDDC36DA64D}.Release|Any CPU.ActiveCfg = Release|Any CPU
		{3652E3CF-338B-4DFD-B4B7-0BDDC36DA64D}.Release|Any CPU.Build.0 = Release|Any CPU
		{3652E3CF-338B-4DFD-B4B7-0BDDC36DA64D}.Release|x64.ActiveCfg = Release|Any CPU
		{3652E3CF-338B-4DFD-B4B7-0BDDC36DA64D}.Release|x64.Build.0 = Release|Any CPU
		{3652E3CF-338B-4DFD-B4B7-0BDDC36DA64D}.Release|x86.ActiveCfg = Release|Any CPU
		{3652E3CF-338B-4DFD-B4B7-0BDDC36DA64D}.Release|x86.Build.0 = Release|Any CPU
		{3096B0E9-82D8-4173-AE97-9C6F8BD861C2}.Debug|Any CPU.ActiveCfg = Debug|Any CPU
		{3096B0E9-82D8-4173-AE97-9C6F8BD861C2}.Debug|Any CPU.Build.0 = Debug|Any CPU
		{3096B0E9-82D8-4173-AE97-9C6F8BD861C2}.Debug|x64.ActiveCfg = Debug|Any CPU
		{3096B0E9-82D8-4173-AE97-9C6F8BD861C2}.Debug|x64.Build.0 = Debug|Any CPU
		{3096B0E9-82D8-4173-AE97-9C6F8BD861C2}.Debug|x86.ActiveCfg = Debug|Any CPU
		{3096B0E9-82D8-4173-AE97-9C6F8BD861C2}.Debug|x86.Build.0 = Debug|Any CPU
		{3096B0E9-82D8-4173-AE97-9C6F8BD861C2}.Release|Any CPU.ActiveCfg = Release|Any CPU
		{3096B0E9-82D8-4173-AE97-9C6F8BD861C2}.Release|Any CPU.Build.0 = Release|Any CPU
		{3096B0E9-82D8-4173-AE97-9C6F8BD861C2}.Release|x64.ActiveCfg = Release|Any CPU
		{3096B0E9-82D8-4173-AE97-9C6F8BD861C2}.Release|x64.Build.0 = Release|Any CPU
		{3096B0E9-82D8-4173-AE97-9C6F8BD861C2}.Release|x86.ActiveCfg = Release|Any CPU
		{3096B0E9-82D8-4173-AE97-9C6F8BD861C2}.Release|x86.Build.0 = Release|Any CPU
		{2AA24FEB-C3BC-412C-ADC3-4DB894D4B667}.Debug|Any CPU.ActiveCfg = Debug|Any CPU
		{2AA24FEB-C3BC-412C-ADC3-4DB894D4B667}.Debug|Any CPU.Build.0 = Debug|Any CPU
		{2AA24FEB-C3BC-412C-ADC3-4DB894D4B667}.Debug|x64.ActiveCfg = Debug|Any CPU
		{2AA24FEB-C3BC-412C-ADC3-4DB894D4B667}.Debug|x64.Build.0 = Debug|Any CPU
		{2AA24FEB-C3BC-412C-ADC3-4DB894D4B667}.Debug|x86.ActiveCfg = Debug|Any CPU
		{2AA24FEB-C3BC-412C-ADC3-4DB894D4B667}.Debug|x86.Build.0 = Debug|Any CPU
		{2AA24FEB-C3BC-412C-ADC3-4DB894D4B667}.Release|Any CPU.ActiveCfg = Release|Any CPU
		{2AA24FEB-C3BC-412C-ADC3-4DB894D4B667}.Release|Any CPU.Build.0 = Release|Any CPU
		{2AA24FEB-C3BC-412C-ADC3-4DB894D4B667}.Release|x64.ActiveCfg = Release|Any CPU
		{2AA24FEB-C3BC-412C-ADC3-4DB894D4B667}.Release|x64.Build.0 = Release|Any CPU
		{2AA24FEB-C3BC-412C-ADC3-4DB894D4B667}.Release|x86.ActiveCfg = Release|Any CPU
		{2AA24FEB-C3BC-412C-ADC3-4DB894D4B667}.Release|x86.Build.0 = Release|Any CPU
		{8C17CB9A-5168-417F-9F24-19AA2C38155C}.Debug|Any CPU.ActiveCfg = Debug|Any CPU
		{8C17CB9A-5168-417F-9F24-19AA2C38155C}.Debug|Any CPU.Build.0 = Debug|Any CPU
		{8C17CB9A-5168-417F-9F24-19AA2C38155C}.Debug|x64.ActiveCfg = Debug|Any CPU
		{8C17CB9A-5168-417F-9F24-19AA2C38155C}.Debug|x64.Build.0 = Debug|Any CPU
		{8C17CB9A-5168-417F-9F24-19AA2C38155C}.Debug|x86.ActiveCfg = Debug|Any CPU
		{8C17CB9A-5168-417F-9F24-19AA2C38155C}.Debug|x86.Build.0 = Debug|Any CPU
		{8C17CB9A-5168-417F-9F24-19AA2C38155C}.Release|Any CPU.ActiveCfg = Release|Any CPU
		{8C17CB9A-5168-417F-9F24-19AA2C38155C}.Release|Any CPU.Build.0 = Release|Any CPU
		{8C17CB9A-5168-417F-9F24-19AA2C38155C}.Release|x64.ActiveCfg = Release|Any CPU
		{8C17CB9A-5168-417F-9F24-19AA2C38155C}.Release|x64.Build.0 = Release|Any CPU
		{8C17CB9A-5168-417F-9F24-19AA2C38155C}.Release|x86.ActiveCfg = Release|Any CPU
		{8C17CB9A-5168-417F-9F24-19AA2C38155C}.Release|x86.Build.0 = Release|Any CPU
		{FA0F7155-A493-4732-9344-4A49C1835418}.Debug|Any CPU.ActiveCfg = Debug|Any CPU
		{FA0F7155-A493-4732-9344-4A49C1835418}.Debug|Any CPU.Build.0 = Debug|Any CPU
		{FA0F7155-A493-4732-9344-4A49C1835418}.Debug|x64.ActiveCfg = Debug|Any CPU
		{FA0F7155-A493-4732-9344-4A49C1835418}.Debug|x64.Build.0 = Debug|Any CPU
		{FA0F7155-A493-4732-9344-4A49C1835418}.Debug|x86.ActiveCfg = Debug|Any CPU
		{FA0F7155-A493-4732-9344-4A49C1835418}.Debug|x86.Build.0 = Debug|Any CPU
		{FA0F7155-A493-4732-9344-4A49C1835418}.Release|Any CPU.ActiveCfg = Release|Any CPU
		{FA0F7155-A493-4732-9344-4A49C1835418}.Release|Any CPU.Build.0 = Release|Any CPU
		{FA0F7155-A493-4732-9344-4A49C1835418}.Release|x64.ActiveCfg = Release|Any CPU
		{FA0F7155-A493-4732-9344-4A49C1835418}.Release|x64.Build.0 = Release|Any CPU
		{FA0F7155-A493-4732-9344-4A49C1835418}.Release|x86.ActiveCfg = Release|Any CPU
		{FA0F7155-A493-4732-9344-4A49C1835418}.Release|x86.Build.0 = Release|Any CPU
		{4401958D-1ABB-431B-93A7-08EFCB0F397E}.Debug|Any CPU.ActiveCfg = Debug|Any CPU
		{4401958D-1ABB-431B-93A7-08EFCB0F397E}.Debug|Any CPU.Build.0 = Debug|Any CPU
		{4401958D-1ABB-431B-93A7-08EFCB0F397E}.Debug|x64.ActiveCfg = Debug|Any CPU
		{4401958D-1ABB-431B-93A7-08EFCB0F397E}.Debug|x64.Build.0 = Debug|Any CPU
		{4401958D-1ABB-431B-93A7-08EFCB0F397E}.Debug|x86.ActiveCfg = Debug|Any CPU
		{4401958D-1ABB-431B-93A7-08EFCB0F397E}.Debug|x86.Build.0 = Debug|Any CPU
		{4401958D-1ABB-431B-93A7-08EFCB0F397E}.Release|Any CPU.ActiveCfg = Release|Any CPU
		{4401958D-1ABB-431B-93A7-08EFCB0F397E}.Release|Any CPU.Build.0 = Release|Any CPU
		{4401958D-1ABB-431B-93A7-08EFCB0F397E}.Release|x64.ActiveCfg = Release|Any CPU
		{4401958D-1ABB-431B-93A7-08EFCB0F397E}.Release|x64.Build.0 = Release|Any CPU
		{4401958D-1ABB-431B-93A7-08EFCB0F397E}.Release|x86.ActiveCfg = Release|Any CPU
		{4401958D-1ABB-431B-93A7-08EFCB0F397E}.Release|x86.Build.0 = Release|Any CPU
		{404FFC23-0266-4E63-8DA4-F1C11652F518}.Debug|Any CPU.ActiveCfg = Debug|Any CPU
		{404FFC23-0266-4E63-8DA4-F1C11652F518}.Debug|Any CPU.Build.0 = Debug|Any CPU
		{404FFC23-0266-4E63-8DA4-F1C11652F518}.Debug|x64.ActiveCfg = Debug|Any CPU
		{404FFC23-0266-4E63-8DA4-F1C11652F518}.Debug|x64.Build.0 = Debug|Any CPU
		{404FFC23-0266-4E63-8DA4-F1C11652F518}.Debug|x86.ActiveCfg = Debug|Any CPU
		{404FFC23-0266-4E63-8DA4-F1C11652F518}.Debug|x86.Build.0 = Debug|Any CPU
		{404FFC23-0266-4E63-8DA4-F1C11652F518}.Release|Any CPU.ActiveCfg = Release|Any CPU
		{404FFC23-0266-4E63-8DA4-F1C11652F518}.Release|Any CPU.Build.0 = Release|Any CPU
		{404FFC23-0266-4E63-8DA4-F1C11652F518}.Release|x64.ActiveCfg = Release|Any CPU
		{404FFC23-0266-4E63-8DA4-F1C11652F518}.Release|x64.Build.0 = Release|Any CPU
		{404FFC23-0266-4E63-8DA4-F1C11652F518}.Release|x86.ActiveCfg = Release|Any CPU
		{404FFC23-0266-4E63-8DA4-F1C11652F518}.Release|x86.Build.0 = Release|Any CPU
		{AD764B71-0B22-449F-933A-8766953916D9}.Debug|Any CPU.ActiveCfg = Debug|Any CPU
		{AD764B71-0B22-449F-933A-8766953916D9}.Debug|Any CPU.Build.0 = Debug|Any CPU
		{AD764B71-0B22-449F-933A-8766953916D9}.Debug|x64.ActiveCfg = Debug|Any CPU
		{AD764B71-0B22-449F-933A-8766953916D9}.Debug|x64.Build.0 = Debug|Any CPU
		{AD764B71-0B22-449F-933A-8766953916D9}.Debug|x86.ActiveCfg = Debug|Any CPU
		{AD764B71-0B22-449F-933A-8766953916D9}.Debug|x86.Build.0 = Debug|Any CPU
		{AD764B71-0B22-449F-933A-8766953916D9}.Release|Any CPU.ActiveCfg = Release|Any CPU
		{AD764B71-0B22-449F-933A-8766953916D9}.Release|Any CPU.Build.0 = Release|Any CPU
		{AD764B71-0B22-449F-933A-8766953916D9}.Release|x64.ActiveCfg = Release|Any CPU
		{AD764B71-0B22-449F-933A-8766953916D9}.Release|x64.Build.0 = Release|Any CPU
		{AD764B71-0B22-449F-933A-8766953916D9}.Release|x86.ActiveCfg = Release|Any CPU
		{AD764B71-0B22-449F-933A-8766953916D9}.Release|x86.Build.0 = Release|Any CPU
		{803508BD-85B9-4138-A755-A184667F4952}.Debug|Any CPU.ActiveCfg = Debug|Any CPU
		{803508BD-85B9-4138-A755-A184667F4952}.Debug|Any CPU.Build.0 = Debug|Any CPU
		{803508BD-85B9-4138-A755-A184667F4952}.Debug|x64.ActiveCfg = Debug|Any CPU
		{803508BD-85B9-4138-A755-A184667F4952}.Debug|x64.Build.0 = Debug|Any CPU
		{803508BD-85B9-4138-A755-A184667F4952}.Debug|x86.ActiveCfg = Debug|Any CPU
		{803508BD-85B9-4138-A755-A184667F4952}.Debug|x86.Build.0 = Debug|Any CPU
		{803508BD-85B9-4138-A755-A184667F4952}.Release|Any CPU.ActiveCfg = Release|Any CPU
		{803508BD-85B9-4138-A755-A184667F4952}.Release|Any CPU.Build.0 = Release|Any CPU
		{803508BD-85B9-4138-A755-A184667F4952}.Release|x64.ActiveCfg = Release|Any CPU
		{803508BD-85B9-4138-A755-A184667F4952}.Release|x64.Build.0 = Release|Any CPU
		{803508BD-85B9-4138-A755-A184667F4952}.Release|x86.ActiveCfg = Release|Any CPU
		{803508BD-85B9-4138-A755-A184667F4952}.Release|x86.Build.0 = Release|Any CPU
		{5D9FE48C-20A7-4B5F-AF84-79DC4D56A2E4}.Debug|Any CPU.ActiveCfg = Debug|Any CPU
		{5D9FE48C-20A7-4B5F-AF84-79DC4D56A2E4}.Debug|Any CPU.Build.0 = Debug|Any CPU
		{5D9FE48C-20A7-4B5F-AF84-79DC4D56A2E4}.Debug|x64.ActiveCfg = Debug|Any CPU
		{5D9FE48C-20A7-4B5F-AF84-79DC4D56A2E4}.Debug|x64.Build.0 = Debug|Any CPU
		{5D9FE48C-20A7-4B5F-AF84-79DC4D56A2E4}.Debug|x86.ActiveCfg = Debug|Any CPU
		{5D9FE48C-20A7-4B5F-AF84-79DC4D56A2E4}.Debug|x86.Build.0 = Debug|Any CPU
		{5D9FE48C-20A7-4B5F-AF84-79DC4D56A2E4}.Release|Any CPU.ActiveCfg = Release|Any CPU
		{5D9FE48C-20A7-4B5F-AF84-79DC4D56A2E4}.Release|Any CPU.Build.0 = Release|Any CPU
		{5D9FE48C-20A7-4B5F-AF84-79DC4D56A2E4}.Release|x64.ActiveCfg = Release|Any CPU
		{5D9FE48C-20A7-4B5F-AF84-79DC4D56A2E4}.Release|x64.Build.0 = Release|Any CPU
		{5D9FE48C-20A7-4B5F-AF84-79DC4D56A2E4}.Release|x86.ActiveCfg = Release|Any CPU
		{5D9FE48C-20A7-4B5F-AF84-79DC4D56A2E4}.Release|x86.Build.0 = Release|Any CPU
		{D245A0B5-36BD-4086-AE5E-764EFA9347AE}.Debug|Any CPU.ActiveCfg = Debug|Any CPU
		{D245A0B5-36BD-4086-AE5E-764EFA9347AE}.Debug|Any CPU.Build.0 = Debug|Any CPU
		{D245A0B5-36BD-4086-AE5E-764EFA9347AE}.Debug|x64.ActiveCfg = Debug|Any CPU
		{D245A0B5-36BD-4086-AE5E-764EFA9347AE}.Debug|x64.Build.0 = Debug|Any CPU
		{D245A0B5-36BD-4086-AE5E-764EFA9347AE}.Debug|x86.ActiveCfg = Debug|Any CPU
		{D245A0B5-36BD-4086-AE5E-764EFA9347AE}.Debug|x86.Build.0 = Debug|Any CPU
		{D245A0B5-36BD-4086-AE5E-764EFA9347AE}.Release|Any CPU.ActiveCfg = Release|Any CPU
		{D245A0B5-36BD-4086-AE5E-764EFA9347AE}.Release|Any CPU.Build.0 = Release|Any CPU
		{D245A0B5-36BD-4086-AE5E-764EFA9347AE}.Release|x64.ActiveCfg = Release|Any CPU
		{D245A0B5-36BD-4086-AE5E-764EFA9347AE}.Release|x64.Build.0 = Release|Any CPU
		{D245A0B5-36BD-4086-AE5E-764EFA9347AE}.Release|x86.ActiveCfg = Release|Any CPU
		{D245A0B5-36BD-4086-AE5E-764EFA9347AE}.Release|x86.Build.0 = Release|Any CPU
		{DEF06E64-512B-4AB2-871E-C608BCA62824}.Debug|Any CPU.ActiveCfg = Debug|Any CPU
		{DEF06E64-512B-4AB2-871E-C608BCA62824}.Debug|Any CPU.Build.0 = Debug|Any CPU
		{DEF06E64-512B-4AB2-871E-C608BCA62824}.Debug|x64.ActiveCfg = Debug|Any CPU
		{DEF06E64-512B-4AB2-871E-C608BCA62824}.Debug|x64.Build.0 = Debug|Any CPU
		{DEF06E64-512B-4AB2-871E-C608BCA62824}.Debug|x86.ActiveCfg = Debug|Any CPU
		{DEF06E64-512B-4AB2-871E-C608BCA62824}.Debug|x86.Build.0 = Debug|Any CPU
		{DEF06E64-512B-4AB2-871E-C608BCA62824}.Release|Any CPU.ActiveCfg = Release|Any CPU
		{DEF06E64-512B-4AB2-871E-C608BCA62824}.Release|Any CPU.Build.0 = Release|Any CPU
		{DEF06E64-512B-4AB2-871E-C608BCA62824}.Release|x64.ActiveCfg = Release|Any CPU
		{DEF06E64-512B-4AB2-871E-C608BCA62824}.Release|x64.Build.0 = Release|Any CPU
		{DEF06E64-512B-4AB2-871E-C608BCA62824}.Release|x86.ActiveCfg = Release|Any CPU
		{DEF06E64-512B-4AB2-871E-C608BCA62824}.Release|x86.Build.0 = Release|Any CPU
		{5C1996CA-420A-4A88-821C-20E667D0A022}.Debug|Any CPU.ActiveCfg = Debug|Any CPU
		{5C1996CA-420A-4A88-821C-20E667D0A022}.Debug|Any CPU.Build.0 = Debug|Any CPU
		{5C1996CA-420A-4A88-821C-20E667D0A022}.Debug|x64.ActiveCfg = Debug|Any CPU
		{5C1996CA-420A-4A88-821C-20E667D0A022}.Debug|x64.Build.0 = Debug|Any CPU
		{5C1996CA-420A-4A88-821C-20E667D0A022}.Debug|x86.ActiveCfg = Debug|Any CPU
		{5C1996CA-420A-4A88-821C-20E667D0A022}.Debug|x86.Build.0 = Debug|Any CPU
		{5C1996CA-420A-4A88-821C-20E667D0A022}.Release|Any CPU.ActiveCfg = Release|Any CPU
		{5C1996CA-420A-4A88-821C-20E667D0A022}.Release|Any CPU.Build.0 = Release|Any CPU
		{5C1996CA-420A-4A88-821C-20E667D0A022}.Release|x64.ActiveCfg = Release|Any CPU
		{5C1996CA-420A-4A88-821C-20E667D0A022}.Release|x64.Build.0 = Release|Any CPU
		{5C1996CA-420A-4A88-821C-20E667D0A022}.Release|x86.ActiveCfg = Release|Any CPU
		{5C1996CA-420A-4A88-821C-20E667D0A022}.Release|x86.Build.0 = Release|Any CPU
		{E2165B42-CCFC-4B95-96EA-4D6548E193BA}.Debug|Any CPU.ActiveCfg = Debug|Any CPU
		{E2165B42-CCFC-4B95-96EA-4D6548E193BA}.Debug|Any CPU.Build.0 = Debug|Any CPU
		{E2165B42-CCFC-4B95-96EA-4D6548E193BA}.Debug|x64.ActiveCfg = Debug|Any CPU
		{E2165B42-CCFC-4B95-96EA-4D6548E193BA}.Debug|x64.Build.0 = Debug|Any CPU
		{E2165B42-CCFC-4B95-96EA-4D6548E193BA}.Debug|x86.ActiveCfg = Debug|Any CPU
		{E2165B42-CCFC-4B95-96EA-4D6548E193BA}.Debug|x86.Build.0 = Debug|Any CPU
		{E2165B42-CCFC-4B95-96EA-4D6548E193BA}.Release|Any CPU.ActiveCfg = Release|Any CPU
		{E2165B42-CCFC-4B95-96EA-4D6548E193BA}.Release|Any CPU.Build.0 = Release|Any CPU
		{E2165B42-CCFC-4B95-96EA-4D6548E193BA}.Release|x64.ActiveCfg = Release|Any CPU
		{E2165B42-CCFC-4B95-96EA-4D6548E193BA}.Release|x64.Build.0 = Release|Any CPU
		{E2165B42-CCFC-4B95-96EA-4D6548E193BA}.Release|x86.ActiveCfg = Release|Any CPU
		{E2165B42-CCFC-4B95-96EA-4D6548E193BA}.Release|x86.Build.0 = Release|Any CPU
		{8FD31E96-B4FE-4813-830A-5CA3559A5184}.Debug|Any CPU.ActiveCfg = Debug|Any CPU
		{8FD31E96-B4FE-4813-830A-5CA3559A5184}.Debug|Any CPU.Build.0 = Debug|Any CPU
		{8FD31E96-B4FE-4813-830A-5CA3559A5184}.Debug|x64.ActiveCfg = Debug|Any CPU
		{8FD31E96-B4FE-4813-830A-5CA3559A5184}.Debug|x64.Build.0 = Debug|Any CPU
		{8FD31E96-B4FE-4813-830A-5CA3559A5184}.Debug|x86.ActiveCfg = Debug|Any CPU
		{8FD31E96-B4FE-4813-830A-5CA3559A5184}.Debug|x86.Build.0 = Debug|Any CPU
		{8FD31E96-B4FE-4813-830A-5CA3559A5184}.Release|Any CPU.ActiveCfg = Release|Any CPU
		{8FD31E96-B4FE-4813-830A-5CA3559A5184}.Release|Any CPU.Build.0 = Release|Any CPU
		{8FD31E96-B4FE-4813-830A-5CA3559A5184}.Release|x64.ActiveCfg = Release|Any CPU
		{8FD31E96-B4FE-4813-830A-5CA3559A5184}.Release|x64.Build.0 = Release|Any CPU
		{8FD31E96-B4FE-4813-830A-5CA3559A5184}.Release|x86.ActiveCfg = Release|Any CPU
		{8FD31E96-B4FE-4813-830A-5CA3559A5184}.Release|x86.Build.0 = Release|Any CPU
		{5AF66643-C228-45C8-87E9-F43758AB2396}.Debug|Any CPU.ActiveCfg = Debug|Any CPU
		{5AF66643-C228-45C8-87E9-F43758AB2396}.Debug|Any CPU.Build.0 = Debug|Any CPU
		{5AF66643-C228-45C8-87E9-F43758AB2396}.Debug|x64.ActiveCfg = Debug|Any CPU
		{5AF66643-C228-45C8-87E9-F43758AB2396}.Debug|x64.Build.0 = Debug|Any CPU
		{5AF66643-C228-45C8-87E9-F43758AB2396}.Debug|x86.ActiveCfg = Debug|Any CPU
		{5AF66643-C228-45C8-87E9-F43758AB2396}.Debug|x86.Build.0 = Debug|Any CPU
		{5AF66643-C228-45C8-87E9-F43758AB2396}.Release|Any CPU.ActiveCfg = Release|Any CPU
		{5AF66643-C228-45C8-87E9-F43758AB2396}.Release|Any CPU.Build.0 = Release|Any CPU
		{5AF66643-C228-45C8-87E9-F43758AB2396}.Release|x64.ActiveCfg = Release|Any CPU
		{5AF66643-C228-45C8-87E9-F43758AB2396}.Release|x64.Build.0 = Release|Any CPU
		{5AF66643-C228-45C8-87E9-F43758AB2396}.Release|x86.ActiveCfg = Release|Any CPU
		{5AF66643-C228-45C8-87E9-F43758AB2396}.Release|x86.Build.0 = Release|Any CPU
		{CE414CC7-FA9E-4EA3-8107-31C982AC3931}.Debug|Any CPU.ActiveCfg = Debug|Any CPU
		{CE414CC7-FA9E-4EA3-8107-31C982AC3931}.Debug|Any CPU.Build.0 = Debug|Any CPU
		{CE414CC7-FA9E-4EA3-8107-31C982AC3931}.Debug|x64.ActiveCfg = Debug|Any CPU
		{CE414CC7-FA9E-4EA3-8107-31C982AC3931}.Debug|x64.Build.0 = Debug|Any CPU
		{CE414CC7-FA9E-4EA3-8107-31C982AC3931}.Debug|x86.ActiveCfg = Debug|Any CPU
		{CE414CC7-FA9E-4EA3-8107-31C982AC3931}.Debug|x86.Build.0 = Debug|Any CPU
		{CE414CC7-FA9E-4EA3-8107-31C982AC3931}.Release|Any CPU.ActiveCfg = Release|Any CPU
		{CE414CC7-FA9E-4EA3-8107-31C982AC3931}.Release|Any CPU.Build.0 = Release|Any CPU
		{CE414CC7-FA9E-4EA3-8107-31C982AC3931}.Release|x64.ActiveCfg = Release|Any CPU
		{CE414CC7-FA9E-4EA3-8107-31C982AC3931}.Release|x64.Build.0 = Release|Any CPU
		{CE414CC7-FA9E-4EA3-8107-31C982AC3931}.Release|x86.ActiveCfg = Release|Any CPU
		{CE414CC7-FA9E-4EA3-8107-31C982AC3931}.Release|x86.Build.0 = Release|Any CPU
		{5E9C8772-CDCD-4BF6-9613-3DBCB9A4959A}.Debug|Any CPU.ActiveCfg = Debug|Any CPU
		{5E9C8772-CDCD-4BF6-9613-3DBCB9A4959A}.Debug|Any CPU.Build.0 = Debug|Any CPU
		{5E9C8772-CDCD-4BF6-9613-3DBCB9A4959A}.Debug|x64.ActiveCfg = Debug|Any CPU
		{5E9C8772-CDCD-4BF6-9613-3DBCB9A4959A}.Debug|x64.Build.0 = Debug|Any CPU
		{5E9C8772-CDCD-4BF6-9613-3DBCB9A4959A}.Debug|x86.ActiveCfg = Debug|Any CPU
		{5E9C8772-CDCD-4BF6-9613-3DBCB9A4959A}.Debug|x86.Build.0 = Debug|Any CPU
		{5E9C8772-CDCD-4BF6-9613-3DBCB9A4959A}.Release|Any CPU.ActiveCfg = Release|Any CPU
		{5E9C8772-CDCD-4BF6-9613-3DBCB9A4959A}.Release|Any CPU.Build.0 = Release|Any CPU
		{5E9C8772-CDCD-4BF6-9613-3DBCB9A4959A}.Release|x64.ActiveCfg = Release|Any CPU
		{5E9C8772-CDCD-4BF6-9613-3DBCB9A4959A}.Release|x64.Build.0 = Release|Any CPU
		{5E9C8772-CDCD-4BF6-9613-3DBCB9A4959A}.Release|x86.ActiveCfg = Release|Any CPU
		{5E9C8772-CDCD-4BF6-9613-3DBCB9A4959A}.Release|x86.Build.0 = Release|Any CPU
		{0500C2AD-0288-42F4-B007-2F31EFB5AAAC}.Debug|Any CPU.ActiveCfg = Debug|Any CPU
		{0500C2AD-0288-42F4-B007-2F31EFB5AAAC}.Debug|Any CPU.Build.0 = Debug|Any CPU
		{0500C2AD-0288-42F4-B007-2F31EFB5AAAC}.Debug|x64.ActiveCfg = Debug|Any CPU
		{0500C2AD-0288-42F4-B007-2F31EFB5AAAC}.Debug|x64.Build.0 = Debug|Any CPU
		{0500C2AD-0288-42F4-B007-2F31EFB5AAAC}.Debug|x86.ActiveCfg = Debug|Any CPU
		{0500C2AD-0288-42F4-B007-2F31EFB5AAAC}.Debug|x86.Build.0 = Debug|Any CPU
		{0500C2AD-0288-42F4-B007-2F31EFB5AAAC}.Release|Any CPU.ActiveCfg = Release|Any CPU
		{0500C2AD-0288-42F4-B007-2F31EFB5AAAC}.Release|Any CPU.Build.0 = Release|Any CPU
		{0500C2AD-0288-42F4-B007-2F31EFB5AAAC}.Release|x64.ActiveCfg = Release|Any CPU
		{0500C2AD-0288-42F4-B007-2F31EFB5AAAC}.Release|x64.Build.0 = Release|Any CPU
		{0500C2AD-0288-42F4-B007-2F31EFB5AAAC}.Release|x86.ActiveCfg = Release|Any CPU
		{0500C2AD-0288-42F4-B007-2F31EFB5AAAC}.Release|x86.Build.0 = Release|Any CPU
		{1A95FFBA-2A94-45F9-A3BE-A6726A89A685}.Debug|Any CPU.ActiveCfg = Debug|Any CPU
		{1A95FFBA-2A94-45F9-A3BE-A6726A89A685}.Debug|Any CPU.Build.0 = Debug|Any CPU
		{1A95FFBA-2A94-45F9-A3BE-A6726A89A685}.Debug|x64.ActiveCfg = Debug|Any CPU
		{1A95FFBA-2A94-45F9-A3BE-A6726A89A685}.Debug|x64.Build.0 = Debug|Any CPU
		{1A95FFBA-2A94-45F9-A3BE-A6726A89A685}.Debug|x86.ActiveCfg = Debug|Any CPU
		{1A95FFBA-2A94-45F9-A3BE-A6726A89A685}.Debug|x86.Build.0 = Debug|Any CPU
		{1A95FFBA-2A94-45F9-A3BE-A6726A89A685}.Release|Any CPU.ActiveCfg = Release|Any CPU
		{1A95FFBA-2A94-45F9-A3BE-A6726A89A685}.Release|Any CPU.Build.0 = Release|Any CPU
		{1A95FFBA-2A94-45F9-A3BE-A6726A89A685}.Release|x64.ActiveCfg = Release|Any CPU
		{1A95FFBA-2A94-45F9-A3BE-A6726A89A685}.Release|x64.Build.0 = Release|Any CPU
		{1A95FFBA-2A94-45F9-A3BE-A6726A89A685}.Release|x86.ActiveCfg = Release|Any CPU
		{1A95FFBA-2A94-45F9-A3BE-A6726A89A685}.Release|x86.Build.0 = Release|Any CPU
		{8DC5D692-17B9-495D-B7B5-6AED0F23D54E}.Debug|Any CPU.ActiveCfg = Debug|Any CPU
		{8DC5D692-17B9-495D-B7B5-6AED0F23D54E}.Debug|Any CPU.Build.0 = Debug|Any CPU
		{8DC5D692-17B9-495D-B7B5-6AED0F23D54E}.Debug|x64.ActiveCfg = Debug|Any CPU
		{8DC5D692-17B9-495D-B7B5-6AED0F23D54E}.Debug|x64.Build.0 = Debug|Any CPU
		{8DC5D692-17B9-495D-B7B5-6AED0F23D54E}.Debug|x86.ActiveCfg = Debug|Any CPU
		{8DC5D692-17B9-495D-B7B5-6AED0F23D54E}.Debug|x86.Build.0 = Debug|Any CPU
		{8DC5D692-17B9-495D-B7B5-6AED0F23D54E}.Release|Any CPU.ActiveCfg = Release|Any CPU
		{8DC5D692-17B9-495D-B7B5-6AED0F23D54E}.Release|Any CPU.Build.0 = Release|Any CPU
		{8DC5D692-17B9-495D-B7B5-6AED0F23D54E}.Release|x64.ActiveCfg = Release|Any CPU
		{8DC5D692-17B9-495D-B7B5-6AED0F23D54E}.Release|x64.Build.0 = Release|Any CPU
		{8DC5D692-17B9-495D-B7B5-6AED0F23D54E}.Release|x86.ActiveCfg = Release|Any CPU
		{8DC5D692-17B9-495D-B7B5-6AED0F23D54E}.Release|x86.Build.0 = Release|Any CPU
		{42FCF3F9-D7A3-449E-AE18-9506E27EC1E2}.Debug|Any CPU.ActiveCfg = Debug|Any CPU
		{42FCF3F9-D7A3-449E-AE18-9506E27EC1E2}.Debug|Any CPU.Build.0 = Debug|Any CPU
		{42FCF3F9-D7A3-449E-AE18-9506E27EC1E2}.Debug|x64.ActiveCfg = Debug|Any CPU
		{42FCF3F9-D7A3-449E-AE18-9506E27EC1E2}.Debug|x64.Build.0 = Debug|Any CPU
		{42FCF3F9-D7A3-449E-AE18-9506E27EC1E2}.Debug|x86.ActiveCfg = Debug|Any CPU
		{42FCF3F9-D7A3-449E-AE18-9506E27EC1E2}.Debug|x86.Build.0 = Debug|Any CPU
		{42FCF3F9-D7A3-449E-AE18-9506E27EC1E2}.Release|Any CPU.ActiveCfg = Release|Any CPU
		{42FCF3F9-D7A3-449E-AE18-9506E27EC1E2}.Release|Any CPU.Build.0 = Release|Any CPU
		{42FCF3F9-D7A3-449E-AE18-9506E27EC1E2}.Release|x64.ActiveCfg = Release|Any CPU
		{42FCF3F9-D7A3-449E-AE18-9506E27EC1E2}.Release|x64.Build.0 = Release|Any CPU
		{42FCF3F9-D7A3-449E-AE18-9506E27EC1E2}.Release|x86.ActiveCfg = Release|Any CPU
		{42FCF3F9-D7A3-449E-AE18-9506E27EC1E2}.Release|x86.Build.0 = Release|Any CPU
		{A75BA006-FDBB-46C1-B30C-E27C7901366B}.Debug|Any CPU.ActiveCfg = Debug|Any CPU
		{A75BA006-FDBB-46C1-B30C-E27C7901366B}.Debug|Any CPU.Build.0 = Debug|Any CPU
		{A75BA006-FDBB-46C1-B30C-E27C7901366B}.Debug|x64.ActiveCfg = Debug|Any CPU
		{A75BA006-FDBB-46C1-B30C-E27C7901366B}.Debug|x64.Build.0 = Debug|Any CPU
		{A75BA006-FDBB-46C1-B30C-E27C7901366B}.Debug|x86.ActiveCfg = Debug|Any CPU
		{A75BA006-FDBB-46C1-B30C-E27C7901366B}.Debug|x86.Build.0 = Debug|Any CPU
		{A75BA006-FDBB-46C1-B30C-E27C7901366B}.Release|Any CPU.ActiveCfg = Release|Any CPU
		{A75BA006-FDBB-46C1-B30C-E27C7901366B}.Release|Any CPU.Build.0 = Release|Any CPU
		{A75BA006-FDBB-46C1-B30C-E27C7901366B}.Release|x64.ActiveCfg = Release|Any CPU
		{A75BA006-FDBB-46C1-B30C-E27C7901366B}.Release|x64.Build.0 = Release|Any CPU
		{A75BA006-FDBB-46C1-B30C-E27C7901366B}.Release|x86.ActiveCfg = Release|Any CPU
		{A75BA006-FDBB-46C1-B30C-E27C7901366B}.Release|x86.Build.0 = Release|Any CPU
		{1C056BC3-BD03-412C-87E0-2E11AF0A7537}.Debug|Any CPU.ActiveCfg = Debug|Any CPU
		{1C056BC3-BD03-412C-87E0-2E11AF0A7537}.Debug|Any CPU.Build.0 = Debug|Any CPU
		{1C056BC3-BD03-412C-87E0-2E11AF0A7537}.Debug|x64.ActiveCfg = Debug|Any CPU
		{1C056BC3-BD03-412C-87E0-2E11AF0A7537}.Debug|x64.Build.0 = Debug|Any CPU
		{1C056BC3-BD03-412C-87E0-2E11AF0A7537}.Debug|x86.ActiveCfg = Debug|Any CPU
		{1C056BC3-BD03-412C-87E0-2E11AF0A7537}.Debug|x86.Build.0 = Debug|Any CPU
		{1C056BC3-BD03-412C-87E0-2E11AF0A7537}.Release|Any CPU.ActiveCfg = Release|Any CPU
		{1C056BC3-BD03-412C-87E0-2E11AF0A7537}.Release|Any CPU.Build.0 = Release|Any CPU
		{1C056BC3-BD03-412C-87E0-2E11AF0A7537}.Release|x64.ActiveCfg = Release|Any CPU
		{1C056BC3-BD03-412C-87E0-2E11AF0A7537}.Release|x64.Build.0 = Release|Any CPU
		{1C056BC3-BD03-412C-87E0-2E11AF0A7537}.Release|x86.ActiveCfg = Release|Any CPU
		{1C056BC3-BD03-412C-87E0-2E11AF0A7537}.Release|x86.Build.0 = Release|Any CPU
		{DBC365F8-09B3-43B6-93B6-2B57DE86CBC8}.Debug|Any CPU.ActiveCfg = Debug|Any CPU
		{DBC365F8-09B3-43B6-93B6-2B57DE86CBC8}.Debug|Any CPU.Build.0 = Debug|Any CPU
		{DBC365F8-09B3-43B6-93B6-2B57DE86CBC8}.Debug|x64.ActiveCfg = Debug|Any CPU
		{DBC365F8-09B3-43B6-93B6-2B57DE86CBC8}.Debug|x64.Build.0 = Debug|Any CPU
		{DBC365F8-09B3-43B6-93B6-2B57DE86CBC8}.Debug|x86.ActiveCfg = Debug|Any CPU
		{DBC365F8-09B3-43B6-93B6-2B57DE86CBC8}.Debug|x86.Build.0 = Debug|Any CPU
		{DBC365F8-09B3-43B6-93B6-2B57DE86CBC8}.Release|Any CPU.ActiveCfg = Release|Any CPU
		{DBC365F8-09B3-43B6-93B6-2B57DE86CBC8}.Release|Any CPU.Build.0 = Release|Any CPU
		{DBC365F8-09B3-43B6-93B6-2B57DE86CBC8}.Release|x64.ActiveCfg = Release|Any CPU
		{DBC365F8-09B3-43B6-93B6-2B57DE86CBC8}.Release|x64.Build.0 = Release|Any CPU
		{DBC365F8-09B3-43B6-93B6-2B57DE86CBC8}.Release|x86.ActiveCfg = Release|Any CPU
		{DBC365F8-09B3-43B6-93B6-2B57DE86CBC8}.Release|x86.Build.0 = Release|Any CPU
	EndGlobalSection
	GlobalSection(SolutionProperties) = preSolution
		HideSolutionNode = FALSE
	EndGlobalSection
	GlobalSection(NestedProjects) = preSolution
		{51D163EC-7B89-4AF8-B0E1-CA1DABFBF839} = {BBCEB82A-8F6D-4A95-9105-C19457CC8F38}
		{4A87F659-FABC-4282-AD82-0EE72573321C} = {BBCEB82A-8F6D-4A95-9105-C19457CC8F38}
		{2A033786-82B2-4FB1-8C86-3D2A24B8BA97} = {BBCEB82A-8F6D-4A95-9105-C19457CC8F38}
		{12D628F7-2989-4E7B-B4BE-5F8A96661CAE} = {BBCEB82A-8F6D-4A95-9105-C19457CC8F38}
		{EDCF3820-E339-4B24-B732-2D776198D5B2} = {BBCEB82A-8F6D-4A95-9105-C19457CC8F38}
		{E395D56C-A499-4174-944D-65C8ED2339A8} = {BBCEB82A-8F6D-4A95-9105-C19457CC8F38}
		{3652E3CF-338B-4DFD-B4B7-0BDDC36DA64D} = {7A27913B-84F7-4295-9017-06AAA7C2BDA8}
		{3096B0E9-82D8-4173-AE97-9C6F8BD861C2} = {BBCEB82A-8F6D-4A95-9105-C19457CC8F38}
		{2AA24FEB-C3BC-412C-ADC3-4DB894D4B667} = {BBCEB82A-8F6D-4A95-9105-C19457CC8F38}
		{8C17CB9A-5168-417F-9F24-19AA2C38155C} = {BBCEB82A-8F6D-4A95-9105-C19457CC8F38}
		{FA0F7155-A493-4732-9344-4A49C1835418} = {BBCEB82A-8F6D-4A95-9105-C19457CC8F38}
		{4401958D-1ABB-431B-93A7-08EFCB0F397E} = {BBCEB82A-8F6D-4A95-9105-C19457CC8F38}
		{404FFC23-0266-4E63-8DA4-F1C11652F518} = {BBCEB82A-8F6D-4A95-9105-C19457CC8F38}
		{AD764B71-0B22-449F-933A-8766953916D9} = {BBCEB82A-8F6D-4A95-9105-C19457CC8F38}
		{803508BD-85B9-4138-A755-A184667F4952} = {BBCEB82A-8F6D-4A95-9105-C19457CC8F38}
		{5D9FE48C-20A7-4B5F-AF84-79DC4D56A2E4} = {BBCEB82A-8F6D-4A95-9105-C19457CC8F38}
		{D245A0B5-36BD-4086-AE5E-764EFA9347AE} = {BBCEB82A-8F6D-4A95-9105-C19457CC8F38}
		{DEF06E64-512B-4AB2-871E-C608BCA62824} = {BBCEB82A-8F6D-4A95-9105-C19457CC8F38}
		{5C1996CA-420A-4A88-821C-20E667D0A022} = {BBCEB82A-8F6D-4A95-9105-C19457CC8F38}
		{E2165B42-CCFC-4B95-96EA-4D6548E193BA} = {BBCEB82A-8F6D-4A95-9105-C19457CC8F38}
		{8FD31E96-B4FE-4813-830A-5CA3559A5184} = {BBCEB82A-8F6D-4A95-9105-C19457CC8F38}
		{5AF66643-C228-45C8-87E9-F43758AB2396} = {BBCEB82A-8F6D-4A95-9105-C19457CC8F38}
		{CE414CC7-FA9E-4EA3-8107-31C982AC3931} = {BBCEB82A-8F6D-4A95-9105-C19457CC8F38}
		{5E9C8772-CDCD-4BF6-9613-3DBCB9A4959A} = {BBCEB82A-8F6D-4A95-9105-C19457CC8F38}
		{0500C2AD-0288-42F4-B007-2F31EFB5AAAC} = {BBCEB82A-8F6D-4A95-9105-C19457CC8F38}
		{1A95FFBA-2A94-45F9-A3BE-A6726A89A685} = {BBCEB82A-8F6D-4A95-9105-C19457CC8F38}
		{8DC5D692-17B9-495D-B7B5-6AED0F23D54E} = {BBCEB82A-8F6D-4A95-9105-C19457CC8F38}
		{42FCF3F9-D7A3-449E-AE18-9506E27EC1E2} = {BBCEB82A-8F6D-4A95-9105-C19457CC8F38}
		{A75BA006-FDBB-46C1-B30C-E27C7901366B} = {BBCEB82A-8F6D-4A95-9105-C19457CC8F38}
		{1C056BC3-BD03-412C-87E0-2E11AF0A7537} = {BBCEB82A-8F6D-4A95-9105-C19457CC8F38}
		{DBC365F8-09B3-43B6-93B6-2B57DE86CBC8} = {BBCEB82A-8F6D-4A95-9105-C19457CC8F38}
	EndGlobalSection
	GlobalSection(ExtensibilityGlobals) = postSolution
		SolutionGuid = {67790010-FC64-4218-B3D2-6591CC368AEE}
	EndGlobalSection
EndGlobal
