
Microsoft Visual Studio Solution File, Format Version 12.00
# Visual Studio 15
VisualStudioVersion = 15.0.26124.0
MinimumVisualStudioVersion = 15.0.26124.0
Project("{2150E333-8FDC-42A3-9474-1A3956D46DE8}") = "Mettle", "Mettle", "{6D9502EE-6498-4973-83C9-68CD3865042C}"
EndProject
Project("{FAE04EC0-301F-11D3-BF4B-00C04F79EFBC}") = "NerdyMishka.Mettle", "Mettle\src\NerdyMishka.Mettle.csproj", "{919AA3C8-E5B6-4D0B-9F5E-6997A7C20825}"
EndProject
Project("{FAE04EC0-301F-11D3-BF4B-00C04F79EFBC}") = "NerdyNishka.Mettle.Tests", "Mettle\test\NerdyNishka.Mettle.Tests.csproj", "{BF24CB45-FFB5-4876-9633-5A28CDF079BD}"
EndProject
Project("{2150E333-8FDC-42A3-9474-1A3956D46DE8}") = "DotEnv", "DotEnv", "{9905EB02-7BC9-4E14-A0B1-803175A412B1}"
EndProject
Project("{FAE04EC0-301F-11D3-BF4B-00C04F79EFBC}") = "NerdyMishka.DotEnv", "DotEnv\src\NerdyMishka.DotEnv.csproj", "{CAF5D92F-9E57-4975-8844-195C33D85717}"
EndProject
Project("{FAE04EC0-301F-11D3-BF4B-00C04F79EFBC}") = "NerdyMishka.DotEnv.Tests", "DotEnv\test\NerdyMishka.DotEnv.Tests.csproj", "{1399F610-4539-4DD4-A132-DCA3936A5E11}"
EndProject
Global
	GlobalSection(SolutionConfigurationPlatforms) = preSolution
		Debug|Any CPU = Debug|Any CPU
		Debug|x64 = Debug|x64
		Debug|x86 = Debug|x86
		Release|Any CPU = Release|Any CPU
		Release|x64 = Release|x64
		Release|x86 = Release|x86
	EndGlobalSection
	GlobalSection(SolutionProperties) = preSolution
		HideSolutionNode = FALSE
	EndGlobalSection
	GlobalSection(ProjectConfigurationPlatforms) = postSolution
		{919AA3C8-E5B6-4D0B-9F5E-6997A7C20825}.Debug|Any CPU.ActiveCfg = Debug|Any CPU
		{919AA3C8-E5B6-4D0B-9F5E-6997A7C20825}.Debug|Any CPU.Build.0 = Debug|Any CPU
		{919AA3C8-E5B6-4D0B-9F5E-6997A7C20825}.Debug|x64.ActiveCfg = Debug|Any CPU
		{919AA3C8-E5B6-4D0B-9F5E-6997A7C20825}.Debug|x64.Build.0 = Debug|Any CPU
		{919AA3C8-E5B6-4D0B-9F5E-6997A7C20825}.Debug|x86.ActiveCfg = Debug|Any CPU
		{919AA3C8-E5B6-4D0B-9F5E-6997A7C20825}.Debug|x86.Build.0 = Debug|Any CPU
		{919AA3C8-E5B6-4D0B-9F5E-6997A7C20825}.Release|Any CPU.ActiveCfg = Release|Any CPU
		{919AA3C8-E5B6-4D0B-9F5E-6997A7C20825}.Release|Any CPU.Build.0 = Release|Any CPU
		{919AA3C8-E5B6-4D0B-9F5E-6997A7C20825}.Release|x64.ActiveCfg = Release|Any CPU
		{919AA3C8-E5B6-4D0B-9F5E-6997A7C20825}.Release|x64.Build.0 = Release|Any CPU
		{919AA3C8-E5B6-4D0B-9F5E-6997A7C20825}.Release|x86.ActiveCfg = Release|Any CPU
		{919AA3C8-E5B6-4D0B-9F5E-6997A7C20825}.Release|x86.Build.0 = Release|Any CPU
		{BF24CB45-FFB5-4876-9633-5A28CDF079BD}.Debug|Any CPU.ActiveCfg = Debug|Any CPU
		{BF24CB45-FFB5-4876-9633-5A28CDF079BD}.Debug|Any CPU.Build.0 = Debug|Any CPU
		{BF24CB45-FFB5-4876-9633-5A28CDF079BD}.Debug|x64.ActiveCfg = Debug|Any CPU
		{BF24CB45-FFB5-4876-9633-5A28CDF079BD}.Debug|x64.Build.0 = Debug|Any CPU
		{BF24CB45-FFB5-4876-9633-5A28CDF079BD}.Debug|x86.ActiveCfg = Debug|Any CPU
		{BF24CB45-FFB5-4876-9633-5A28CDF079BD}.Debug|x86.Build.0 = Debug|Any CPU
		{BF24CB45-FFB5-4876-9633-5A28CDF079BD}.Release|Any CPU.ActiveCfg = Release|Any CPU
		{BF24CB45-FFB5-4876-9633-5A28CDF079BD}.Release|Any CPU.Build.0 = Release|Any CPU
		{BF24CB45-FFB5-4876-9633-5A28CDF079BD}.Release|x64.ActiveCfg = Release|Any CPU
		{BF24CB45-FFB5-4876-9633-5A28CDF079BD}.Release|x64.Build.0 = Release|Any CPU
		{BF24CB45-FFB5-4876-9633-5A28CDF079BD}.Release|x86.ActiveCfg = Release|Any CPU
		{BF24CB45-FFB5-4876-9633-5A28CDF079BD}.Release|x86.Build.0 = Release|Any CPU
		{CAF5D92F-9E57-4975-8844-195C33D85717}.Debug|Any CPU.ActiveCfg = Debug|Any CPU
		{CAF5D92F-9E57-4975-8844-195C33D85717}.Debug|Any CPU.Build.0 = Debug|Any CPU
		{CAF5D92F-9E57-4975-8844-195C33D85717}.Debug|x64.ActiveCfg = Debug|Any CPU
		{CAF5D92F-9E57-4975-8844-195C33D85717}.Debug|x64.Build.0 = Debug|Any CPU
		{CAF5D92F-9E57-4975-8844-195C33D85717}.Debug|x86.ActiveCfg = Debug|Any CPU
		{CAF5D92F-9E57-4975-8844-195C33D85717}.Debug|x86.Build.0 = Debug|Any CPU
		{CAF5D92F-9E57-4975-8844-195C33D85717}.Release|Any CPU.ActiveCfg = Release|Any CPU
		{CAF5D92F-9E57-4975-8844-195C33D85717}.Release|Any CPU.Build.0 = Release|Any CPU
		{CAF5D92F-9E57-4975-8844-195C33D85717}.Release|x64.ActiveCfg = Release|Any CPU
		{CAF5D92F-9E57-4975-8844-195C33D85717}.Release|x64.Build.0 = Release|Any CPU
		{CAF5D92F-9E57-4975-8844-195C33D85717}.Release|x86.ActiveCfg = Release|Any CPU
		{CAF5D92F-9E57-4975-8844-195C33D85717}.Release|x86.Build.0 = Release|Any CPU
		{1399F610-4539-4DD4-A132-DCA3936A5E11}.Debug|Any CPU.ActiveCfg = Debug|Any CPU
		{1399F610-4539-4DD4-A132-DCA3936A5E11}.Debug|Any CPU.Build.0 = Debug|Any CPU
		{1399F610-4539-4DD4-A132-DCA3936A5E11}.Debug|x64.ActiveCfg = Debug|Any CPU
		{1399F610-4539-4DD4-A132-DCA3936A5E11}.Debug|x64.Build.0 = Debug|Any CPU
		{1399F610-4539-4DD4-A132-DCA3936A5E11}.Debug|x86.ActiveCfg = Debug|Any CPU
		{1399F610-4539-4DD4-A132-DCA3936A5E11}.Debug|x86.Build.0 = Debug|Any CPU
		{1399F610-4539-4DD4-A132-DCA3936A5E11}.Release|Any CPU.ActiveCfg = Release|Any CPU
		{1399F610-4539-4DD4-A132-DCA3936A5E11}.Release|Any CPU.Build.0 = Release|Any CPU
		{1399F610-4539-4DD4-A132-DCA3936A5E11}.Release|x64.ActiveCfg = Release|Any CPU
		{1399F610-4539-4DD4-A132-DCA3936A5E11}.Release|x64.Build.0 = Release|Any CPU
		{1399F610-4539-4DD4-A132-DCA3936A5E11}.Release|x86.ActiveCfg = Release|Any CPU
		{1399F610-4539-4DD4-A132-DCA3936A5E11}.Release|x86.Build.0 = Release|Any CPU
	EndGlobalSection
	GlobalSection(NestedProjects) = preSolution
		{919AA3C8-E5B6-4D0B-9F5E-6997A7C20825} = {6D9502EE-6498-4973-83C9-68CD3865042C}
		{BF24CB45-FFB5-4876-9633-5A28CDF079BD} = {6D9502EE-6498-4973-83C9-68CD3865042C}
		{CAF5D92F-9E57-4975-8844-195C33D85717} = {9905EB02-7BC9-4E14-A0B1-803175A412B1}
		{1399F610-4539-4DD4-A132-DCA3936A5E11} = {9905EB02-7BC9-4E14-A0B1-803175A412B1}
	EndGlobalSection
EndGlobal
