
Microsoft Visual Studio Solution File, Format Version 12.00
# Visual Studio Version 16
VisualStudioVersion = 16.0.30516.212
MinimumVisualStudioVersion = 15.0.26124.0
Project("{9A19103F-16F7-4668-BE54-9A1E7A4F7556}") = "NerdyMishka.Primitives", "dotnet\src\Primitives\NerdyMishka.Primitives.csproj", "{51D163EC-7B89-4AF8-B0E1-CA1DABFBF839}"
EndProject
Project("{9A19103F-16F7-4668-BE54-9A1E7A4F7556}") = "NerdyMishka.Security", "dotnet\src\Security\NerdyMishka.Security.csproj", "{4A87F659-FABC-4282-AD82-0EE72573321C}"
EndProject
Project("{9A19103F-16F7-4668-BE54-9A1E7A4F7556}") = "NerdyMishka.Mettle", "dotnet\src\Mettle\NerdyMishka.Mettle.csproj", "{2A033786-82B2-4FB1-8C86-3D2A24B8BA97}"
EndProject
Project("{9A19103F-16F7-4668-BE54-9A1E7A4F7556}") = "NerdyMishka.Extensions.Data", "dotnet\src\Extensions.Data\NerdyMishka.Extensions.Data.csproj", "{12D628F7-2989-4E7B-B4BE-5F8A96661CAE}"
EndProject
Project("{9A19103F-16F7-4668-BE54-9A1E7A4F7556}") = "NerdyMishka.Windows", "dotnet\src\Windows\NerdyMishka.Windows.csproj", "{EDCF3820-E339-4B24-B732-2D776198D5B2}"
EndProject
Project("{9A19103F-16F7-4668-BE54-9A1E7A4F7556}") = "NerdyMishka.Windows.CredentialManager", "dotnet\src\Windows.CredentialManager\NerdyMishka.Windows.CredentialManager.csproj", "{E395D56C-A499-4174-944D-65C8ED2339A8}"
EndProject
Project("{FAE04EC0-301F-11D3-BF4B-00C04F79EFBC}") = "NerdyMishka.Tests", "dotnet\test\NerdyMishka.Tests\NerdyMishka.Tests.csproj", "{3652E3CF-338B-4DFD-B4B7-0BDDC36DA64D}"
EndProject
Project("{2150E333-8FDC-42A3-9474-1A3956D46DE8}") = "src", "src", "{BBCEB82A-8F6D-4A95-9105-C19457CC8F38}"
EndProject
Project("{2150E333-8FDC-42A3-9474-1A3956D46DE8}") = "test", "test", "{7A27913B-84F7-4295-9017-06AAA7C2BDA8}"
EndProject
Global
	GlobalSection(SolutionConfigurationPlatforms) = preSolution
		Debug|Any CPU = Debug|Any CPU
		Debug|x64 = Debug|x64
		Debug|x86 = Debug|x86
		Release|Any CPU = Release|Any CPU
		Release|x64 = Release|x64
		Release|x86 = Release|x86
	EndGlobalSection
	GlobalSection(ProjectConfigurationPlatforms) = postSolution
		{51D163EC-7B89-4AF8-B0E1-CA1DABFBF839}.Debug|Any CPU.ActiveCfg = Debug|Any CPU
		{51D163EC-7B89-4AF8-B0E1-CA1DABFBF839}.Debug|Any CPU.Build.0 = Debug|Any CPU
		{51D163EC-7B89-4AF8-B0E1-CA1DABFBF839}.Debug|x64.ActiveCfg = Debug|Any CPU
		{51D163EC-7B89-4AF8-B0E1-CA1DABFBF839}.Debug|x64.Build.0 = Debug|Any CPU
		{51D163EC-7B89-4AF8-B0E1-CA1DABFBF839}.Debug|x86.ActiveCfg = Debug|Any CPU
		{51D163EC-7B89-4AF8-B0E1-CA1DABFBF839}.Debug|x86.Build.0 = Debug|Any CPU
		{51D163EC-7B89-4AF8-B0E1-CA1DABFBF839}.Release|Any CPU.ActiveCfg = Release|Any CPU
		{51D163EC-7B89-4AF8-B0E1-CA1DABFBF839}.Release|Any CPU.Build.0 = Release|Any CPU
		{51D163EC-7B89-4AF8-B0E1-CA1DABFBF839}.Release|x64.ActiveCfg = Release|Any CPU
		{51D163EC-7B89-4AF8-B0E1-CA1DABFBF839}.Release|x64.Build.0 = Release|Any CPU
		{51D163EC-7B89-4AF8-B0E1-CA1DABFBF839}.Release|x86.ActiveCfg = Release|Any CPU
		{51D163EC-7B89-4AF8-B0E1-CA1DABFBF839}.Release|x86.Build.0 = Release|Any CPU
		{4A87F659-FABC-4282-AD82-0EE72573321C}.Debug|Any CPU.ActiveCfg = Debug|Any CPU
		{4A87F659-FABC-4282-AD82-0EE72573321C}.Debug|Any CPU.Build.0 = Debug|Any CPU
		{4A87F659-FABC-4282-AD82-0EE72573321C}.Debug|x64.ActiveCfg = Debug|Any CPU
		{4A87F659-FABC-4282-AD82-0EE72573321C}.Debug|x64.Build.0 = Debug|Any CPU
		{4A87F659-FABC-4282-AD82-0EE72573321C}.Debug|x86.ActiveCfg = Debug|Any CPU
		{4A87F659-FABC-4282-AD82-0EE72573321C}.Debug|x86.Build.0 = Debug|Any CPU
		{4A87F659-FABC-4282-AD82-0EE72573321C}.Release|Any CPU.ActiveCfg = Release|Any CPU
		{4A87F659-FABC-4282-AD82-0EE72573321C}.Release|Any CPU.Build.0 = Release|Any CPU
		{4A87F659-FABC-4282-AD82-0EE72573321C}.Release|x64.ActiveCfg = Release|Any CPU
		{4A87F659-FABC-4282-AD82-0EE72573321C}.Release|x64.Build.0 = Release|Any CPU
		{4A87F659-FABC-4282-AD82-0EE72573321C}.Release|x86.ActiveCfg = Release|Any CPU
		{4A87F659-FABC-4282-AD82-0EE72573321C}.Release|x86.Build.0 = Release|Any CPU
		{2A033786-82B2-4FB1-8C86-3D2A24B8BA97}.Debug|Any CPU.ActiveCfg = Debug|Any CPU
		{2A033786-82B2-4FB1-8C86-3D2A24B8BA97}.Debug|Any CPU.Build.0 = Debug|Any CPU
		{2A033786-82B2-4FB1-8C86-3D2A24B8BA97}.Debug|x64.ActiveCfg = Debug|Any CPU
		{2A033786-82B2-4FB1-8C86-3D2A24B8BA97}.Debug|x64.Build.0 = Debug|Any CPU
		{2A033786-82B2-4FB1-8C86-3D2A24B8BA97}.Debug|x86.ActiveCfg = Debug|Any CPU
		{2A033786-82B2-4FB1-8C86-3D2A24B8BA97}.Debug|x86.Build.0 = Debug|Any CPU
		{2A033786-82B2-4FB1-8C86-3D2A24B8BA97}.Release|Any CPU.ActiveCfg = Release|Any CPU
		{2A033786-82B2-4FB1-8C86-3D2A24B8BA97}.Release|Any CPU.Build.0 = Release|Any CPU
		{2A033786-82B2-4FB1-8C86-3D2A24B8BA97}.Release|x64.ActiveCfg = Release|Any CPU
		{2A033786-82B2-4FB1-8C86-3D2A24B8BA97}.Release|x64.Build.0 = Release|Any CPU
		{2A033786-82B2-4FB1-8C86-3D2A24B8BA97}.Release|x86.ActiveCfg = Release|Any CPU
		{2A033786-82B2-4FB1-8C86-3D2A24B8BA97}.Release|x86.Build.0 = Release|Any CPU
		{12D628F7-2989-4E7B-B4BE-5F8A96661CAE}.Debug|Any CPU.ActiveCfg = Debug|Any CPU
		{12D628F7-2989-4E7B-B4BE-5F8A96661CAE}.Debug|Any CPU.Build.0 = Debug|Any CPU
		{12D628F7-2989-4E7B-B4BE-5F8A96661CAE}.Debug|x64.ActiveCfg = Debug|Any CPU
		{12D628F7-2989-4E7B-B4BE-5F8A96661CAE}.Debug|x64.Build.0 = Debug|Any CPU
		{12D628F7-2989-4E7B-B4BE-5F8A96661CAE}.Debug|x86.ActiveCfg = Debug|Any CPU
		{12D628F7-2989-4E7B-B4BE-5F8A96661CAE}.Debug|x86.Build.0 = Debug|Any CPU
		{12D628F7-2989-4E7B-B4BE-5F8A96661CAE}.Release|Any CPU.ActiveCfg = Release|Any CPU
		{12D628F7-2989-4E7B-B4BE-5F8A96661CAE}.Release|Any CPU.Build.0 = Release|Any CPU
		{12D628F7-2989-4E7B-B4BE-5F8A96661CAE}.Release|x64.ActiveCfg = Release|Any CPU
		{12D628F7-2989-4E7B-B4BE-5F8A96661CAE}.Release|x64.Build.0 = Release|Any CPU
		{12D628F7-2989-4E7B-B4BE-5F8A96661CAE}.Release|x86.ActiveCfg = Release|Any CPU
		{12D628F7-2989-4E7B-B4BE-5F8A96661CAE}.Release|x86.Build.0 = Release|Any CPU
		{EDCF3820-E339-4B24-B732-2D776198D5B2}.Debug|Any CPU.ActiveCfg = Debug|Any CPU
		{EDCF3820-E339-4B24-B732-2D776198D5B2}.Debug|Any CPU.Build.0 = Debug|Any CPU
		{EDCF3820-E339-4B24-B732-2D776198D5B2}.Debug|x64.ActiveCfg = Debug|Any CPU
		{EDCF3820-E339-4B24-B732-2D776198D5B2}.Debug|x64.Build.0 = Debug|Any CPU
		{EDCF3820-E339-4B24-B732-2D776198D5B2}.Debug|x86.ActiveCfg = Debug|Any CPU
		{EDCF3820-E339-4B24-B732-2D776198D5B2}.Debug|x86.Build.0 = Debug|Any CPU
		{EDCF3820-E339-4B24-B732-2D776198D5B2}.Release|Any CPU.ActiveCfg = Release|Any CPU
		{EDCF3820-E339-4B24-B732-2D776198D5B2}.Release|Any CPU.Build.0 = Release|Any CPU
		{EDCF3820-E339-4B24-B732-2D776198D5B2}.Release|x64.ActiveCfg = Release|Any CPU
		{EDCF3820-E339-4B24-B732-2D776198D5B2}.Release|x64.Build.0 = Release|Any CPU
		{EDCF3820-E339-4B24-B732-2D776198D5B2}.Release|x86.ActiveCfg = Release|Any CPU
		{EDCF3820-E339-4B24-B732-2D776198D5B2}.Release|x86.Build.0 = Release|Any CPU
		{E395D56C-A499-4174-944D-65C8ED2339A8}.Debug|Any CPU.ActiveCfg = Debug|Any CPU
		{E395D56C-A499-4174-944D-65C8ED2339A8}.Debug|Any CPU.Build.0 = Debug|Any CPU
		{E395D56C-A499-4174-944D-65C8ED2339A8}.Debug|x64.ActiveCfg = Debug|Any CPU
		{E395D56C-A499-4174-944D-65C8ED2339A8}.Debug|x64.Build.0 = Debug|Any CPU
		{E395D56C-A499-4174-944D-65C8ED2339A8}.Debug|x86.ActiveCfg = Debug|Any CPU
		{E395D56C-A499-4174-944D-65C8ED2339A8}.Debug|x86.Build.0 = Debug|Any CPU
		{E395D56C-A499-4174-944D-65C8ED2339A8}.Release|Any CPU.ActiveCfg = Release|Any CPU
		{E395D56C-A499-4174-944D-65C8ED2339A8}.Release|Any CPU.Build.0 = Release|Any CPU
		{E395D56C-A499-4174-944D-65C8ED2339A8}.Release|x64.ActiveCfg = Release|Any CPU
		{E395D56C-A499-4174-944D-65C8ED2339A8}.Release|x64.Build.0 = Release|Any CPU
		{E395D56C-A499-4174-944D-65C8ED2339A8}.Release|x86.ActiveCfg = Release|Any CPU
		{E395D56C-A499-4174-944D-65C8ED2339A8}.Release|x86.Build.0 = Release|Any CPU
		{3652E3CF-338B-4DFD-B4B7-0BDDC36DA64D}.Debug|Any CPU.ActiveCfg = Debug|Any CPU
		{3652E3CF-338B-4DFD-B4B7-0BDDC36DA64D}.Debug|Any CPU.Build.0 = Debug|Any CPU
		{3652E3CF-338B-4DFD-B4B7-0BDDC36DA64D}.Debug|x64.ActiveCfg = Debug|Any CPU
		{3652E3CF-338B-4DFD-B4B7-0BDDC36DA64D}.Debug|x64.Build.0 = Debug|Any CPU
		{3652E3CF-338B-4DFD-B4B7-0BDDC36DA64D}.Debug|x86.ActiveCfg = Debug|Any CPU
		{3652E3CF-338B-4DFD-B4B7-0BDDC36DA64D}.Debug|x86.Build.0 = Debug|Any CPU
		{3652E3CF-338B-4DFD-B4B7-0BDDC36DA64D}.Release|Any CPU.ActiveCfg = Release|Any CPU
		{3652E3CF-338B-4DFD-B4B7-0BDDC36DA64D}.Release|Any CPU.Build.0 = Release|Any CPU
		{3652E3CF-338B-4DFD-B4B7-0BDDC36DA64D}.Release|x64.ActiveCfg = Release|Any CPU
		{3652E3CF-338B-4DFD-B4B7-0BDDC36DA64D}.Release|x64.Build.0 = Release|Any CPU
		{3652E3CF-338B-4DFD-B4B7-0BDDC36DA64D}.Release|x86.ActiveCfg = Release|Any CPU
		{3652E3CF-338B-4DFD-B4B7-0BDDC36DA64D}.Release|x86.Build.0 = Release|Any CPU
	EndGlobalSection
	GlobalSection(SolutionProperties) = preSolution
		HideSolutionNode = FALSE
	EndGlobalSection
	GlobalSection(NestedProjects) = preSolution
		{51D163EC-7B89-4AF8-B0E1-CA1DABFBF839} = {BBCEB82A-8F6D-4A95-9105-C19457CC8F38}
		{4A87F659-FABC-4282-AD82-0EE72573321C} = {BBCEB82A-8F6D-4A95-9105-C19457CC8F38}
		{2A033786-82B2-4FB1-8C86-3D2A24B8BA97} = {BBCEB82A-8F6D-4A95-9105-C19457CC8F38}
		{12D628F7-2989-4E7B-B4BE-5F8A96661CAE} = {BBCEB82A-8F6D-4A95-9105-C19457CC8F38}
		{EDCF3820-E339-4B24-B732-2D776198D5B2} = {BBCEB82A-8F6D-4A95-9105-C19457CC8F38}
		{E395D56C-A499-4174-944D-65C8ED2339A8} = {BBCEB82A-8F6D-4A95-9105-C19457CC8F38}
		{3652E3CF-338B-4DFD-B4B7-0BDDC36DA64D} = {7A27913B-84F7-4295-9017-06AAA7C2BDA8}
	EndGlobalSection
	GlobalSection(ExtensibilityGlobals) = postSolution
		SolutionGuid = {67790010-FC64-4218-B3D2-6591CC368AEE}
	EndGlobalSection
EndGlobal
