
Microsoft Visual Studio Solution File, Format Version 12.00
# Visual Studio 15
VisualStudioVersion = 15.0.26124.0
MinimumVisualStudioVersion = 15.0.26124.0
Project("{2150E333-8FDC-42A3-9474-1A3956D46DE8}") = "Mettle", "Mettle", "{6D9502EE-6498-4973-83C9-68CD3865042C}"
EndProject
Project("{FAE04EC0-301F-11D3-BF4B-00C04F79EFBC}") = "NerdyMishka.Mettle", "Mettle\src\NerdyMishka.Mettle.csproj", "{919AA3C8-E5B6-4D0B-9F5E-6997A7C20825}"
EndProject
Project("{FAE04EC0-301F-11D3-BF4B-00C04F79EFBC}") = "NerdyNishka.Mettle.Tests", "Mettle\test\NerdyNishka.Mettle.Tests.csproj", "{BF24CB45-FFB5-4876-9633-5A28CDF079BD}"
EndProject
Project("{2150E333-8FDC-42A3-9474-1A3956D46DE8}") = "DotEnv", "DotEnv", "{9905EB02-7BC9-4E14-A0B1-803175A412B1}"
EndProject
Project("{FAE04EC0-301F-11D3-BF4B-00C04F79EFBC}") = "NerdyMishka.DotEnv", "DotEnv\src\NerdyMishka.DotEnv.csproj", "{CAF5D92F-9E57-4975-8844-195C33D85717}"
EndProject
Project("{FAE04EC0-301F-11D3-BF4B-00C04F79EFBC}") = "NerdyMishka.DotEnv.Tests", "DotEnv\test\NerdyMishka.DotEnv.Tests.csproj", "{1399F610-4539-4DD4-A132-DCA3936A5E11}"
EndProject
Project("{2150E333-8FDC-42A3-9474-1A3956D46DE8}") = "Primitives", "Primitives", "{0D0C5F3A-195B-470D-A6F1-88B4763E3FC9}"
EndProject
Project("{FAE04EC0-301F-11D3-BF4B-00C04F79EFBC}") = "NerdyMishka.Primitives", "Primitives\src\NerdyMishka.Primitives.csproj", "{DE4FAD87-F7E4-40A4-8610-9F54C05C90D3}"
EndProject
Project("{FAE04EC0-301F-11D3-BF4B-00C04F79EFBC}") = "NerdyMishka.Primitives.Tests", "Primitives\test\NerdyMishka.Primitives.Tests.csproj", "{6C25C7A6-F878-48F5-BDA6-149252F89A20}"
EndProject
Project("{2150E333-8FDC-42A3-9474-1A3956D46DE8}") = "Security", "Security", "{71D3604D-9CB2-4C9E-82F0-60C716E3FEC4}"
EndProject
Project("{FAE04EC0-301F-11D3-BF4B-00C04F79EFBC}") = "NerdyMishka.Security", "Security\src\NerdyMishka.Security.csproj", "{C970AA36-C31F-453A-8580-1BE86757ECD5}"
EndProject
Project("{FAE04EC0-301F-11D3-BF4B-00C04F79EFBC}") = "NerdyMishka.Security.Tests", "Security\test\NerdyMishka.Security.Tests.csproj", "{5ADF7705-3EEA-4B51-8AC0-26E3B9342C1B}"
EndProject
Project("{2150E333-8FDC-42A3-9474-1A3956D46DE8}") = "Extensions.Data", "Extensions.Data", "{33083921-4137-4AA6-B324-D38D652202CD}"
EndProject
Project("{FAE04EC0-301F-11D3-BF4B-00C04F79EFBC}") = "NerdyMishka.Extensions.Data", "Extensions.Data\src\NerdyMishka.Extensions.Data.csproj", "{B9188070-83A7-46D6-AC5C-3845F0AC82E5}"
EndProject
Project("{FAE04EC0-301F-11D3-BF4B-00C04F79EFBC}") = "NerdyMishka.Extensions.Data.Tests", "Extensions.Data\test\NerdyMishka.Extensions.Data.Tests.csproj", "{AF58173B-5162-4341-BE20-D28A5E068407}"
EndProject
Global
	GlobalSection(SolutionConfigurationPlatforms) = preSolution
		Debug|Any CPU = Debug|Any CPU
		Debug|x64 = Debug|x64
		Debug|x86 = Debug|x86
		Release|Any CPU = Release|Any CPU
		Release|x64 = Release|x64
		Release|x86 = Release|x86
	EndGlobalSection
	GlobalSection(SolutionProperties) = preSolution
		HideSolutionNode = FALSE
	EndGlobalSection
	GlobalSection(ProjectConfigurationPlatforms) = postSolution
		{919AA3C8-E5B6-4D0B-9F5E-6997A7C20825}.Debug|Any CPU.ActiveCfg = Debug|Any CPU
		{919AA3C8-E5B6-4D0B-9F5E-6997A7C20825}.Debug|Any CPU.Build.0 = Debug|Any CPU
		{919AA3C8-E5B6-4D0B-9F5E-6997A7C20825}.Debug|x64.ActiveCfg = Debug|Any CPU
		{919AA3C8-E5B6-4D0B-9F5E-6997A7C20825}.Debug|x64.Build.0 = Debug|Any CPU
		{919AA3C8-E5B6-4D0B-9F5E-6997A7C20825}.Debug|x86.ActiveCfg = Debug|Any CPU
		{919AA3C8-E5B6-4D0B-9F5E-6997A7C20825}.Debug|x86.Build.0 = Debug|Any CPU
		{919AA3C8-E5B6-4D0B-9F5E-6997A7C20825}.Release|Any CPU.ActiveCfg = Release|Any CPU
		{919AA3C8-E5B6-4D0B-9F5E-6997A7C20825}.Release|Any CPU.Build.0 = Release|Any CPU
		{919AA3C8-E5B6-4D0B-9F5E-6997A7C20825}.Release|x64.ActiveCfg = Release|Any CPU
		{919AA3C8-E5B6-4D0B-9F5E-6997A7C20825}.Release|x64.Build.0 = Release|Any CPU
		{919AA3C8-E5B6-4D0B-9F5E-6997A7C20825}.Release|x86.ActiveCfg = Release|Any CPU
		{919AA3C8-E5B6-4D0B-9F5E-6997A7C20825}.Release|x86.Build.0 = Release|Any CPU
		{BF24CB45-FFB5-4876-9633-5A28CDF079BD}.Debug|Any CPU.ActiveCfg = Debug|Any CPU
		{BF24CB45-FFB5-4876-9633-5A28CDF079BD}.Debug|Any CPU.Build.0 = Debug|Any CPU
		{BF24CB45-FFB5-4876-9633-5A28CDF079BD}.Debug|x64.ActiveCfg = Debug|Any CPU
		{BF24CB45-FFB5-4876-9633-5A28CDF079BD}.Debug|x64.Build.0 = Debug|Any CPU
		{BF24CB45-FFB5-4876-9633-5A28CDF079BD}.Debug|x86.ActiveCfg = Debug|Any CPU
		{BF24CB45-FFB5-4876-9633-5A28CDF079BD}.Debug|x86.Build.0 = Debug|Any CPU
		{BF24CB45-FFB5-4876-9633-5A28CDF079BD}.Release|Any CPU.ActiveCfg = Release|Any CPU
		{BF24CB45-FFB5-4876-9633-5A28CDF079BD}.Release|Any CPU.Build.0 = Release|Any CPU
		{BF24CB45-FFB5-4876-9633-5A28CDF079BD}.Release|x64.ActiveCfg = Release|Any CPU
		{BF24CB45-FFB5-4876-9633-5A28CDF079BD}.Release|x64.Build.0 = Release|Any CPU
		{BF24CB45-FFB5-4876-9633-5A28CDF079BD}.Release|x86.ActiveCfg = Release|Any CPU
		{BF24CB45-FFB5-4876-9633-5A28CDF079BD}.Release|x86.Build.0 = Release|Any CPU
		{CAF5D92F-9E57-4975-8844-195C33D85717}.Debug|Any CPU.ActiveCfg = Debug|Any CPU
		{CAF5D92F-9E57-4975-8844-195C33D85717}.Debug|Any CPU.Build.0 = Debug|Any CPU
		{CAF5D92F-9E57-4975-8844-195C33D85717}.Debug|x64.ActiveCfg = Debug|Any CPU
		{CAF5D92F-9E57-4975-8844-195C33D85717}.Debug|x64.Build.0 = Debug|Any CPU
		{CAF5D92F-9E57-4975-8844-195C33D85717}.Debug|x86.ActiveCfg = Debug|Any CPU
		{CAF5D92F-9E57-4975-8844-195C33D85717}.Debug|x86.Build.0 = Debug|Any CPU
		{CAF5D92F-9E57-4975-8844-195C33D85717}.Release|Any CPU.ActiveCfg = Release|Any CPU
		{CAF5D92F-9E57-4975-8844-195C33D85717}.Release|Any CPU.Build.0 = Release|Any CPU
		{CAF5D92F-9E57-4975-8844-195C33D85717}.Release|x64.ActiveCfg = Release|Any CPU
		{CAF5D92F-9E57-4975-8844-195C33D85717}.Release|x64.Build.0 = Release|Any CPU
		{CAF5D92F-9E57-4975-8844-195C33D85717}.Release|x86.ActiveCfg = Release|Any CPU
		{CAF5D92F-9E57-4975-8844-195C33D85717}.Release|x86.Build.0 = Release|Any CPU
		{1399F610-4539-4DD4-A132-DCA3936A5E11}.Debug|Any CPU.ActiveCfg = Debug|Any CPU
		{1399F610-4539-4DD4-A132-DCA3936A5E11}.Debug|Any CPU.Build.0 = Debug|Any CPU
		{1399F610-4539-4DD4-A132-DCA3936A5E11}.Debug|x64.ActiveCfg = Debug|Any CPU
		{1399F610-4539-4DD4-A132-DCA3936A5E11}.Debug|x64.Build.0 = Debug|Any CPU
		{1399F610-4539-4DD4-A132-DCA3936A5E11}.Debug|x86.ActiveCfg = Debug|Any CPU
		{1399F610-4539-4DD4-A132-DCA3936A5E11}.Debug|x86.Build.0 = Debug|Any CPU
		{1399F610-4539-4DD4-A132-DCA3936A5E11}.Release|Any CPU.ActiveCfg = Release|Any CPU
		{1399F610-4539-4DD4-A132-DCA3936A5E11}.Release|Any CPU.Build.0 = Release|Any CPU
		{1399F610-4539-4DD4-A132-DCA3936A5E11}.Release|x64.ActiveCfg = Release|Any CPU
		{1399F610-4539-4DD4-A132-DCA3936A5E11}.Release|x64.Build.0 = Release|Any CPU
		{1399F610-4539-4DD4-A132-DCA3936A5E11}.Release|x86.ActiveCfg = Release|Any CPU
		{1399F610-4539-4DD4-A132-DCA3936A5E11}.Release|x86.Build.0 = Release|Any CPU
		{DE4FAD87-F7E4-40A4-8610-9F54C05C90D3}.Debug|Any CPU.ActiveCfg = Debug|Any CPU
		{DE4FAD87-F7E4-40A4-8610-9F54C05C90D3}.Debug|Any CPU.Build.0 = Debug|Any CPU
		{DE4FAD87-F7E4-40A4-8610-9F54C05C90D3}.Debug|x64.ActiveCfg = Debug|Any CPU
		{DE4FAD87-F7E4-40A4-8610-9F54C05C90D3}.Debug|x64.Build.0 = Debug|Any CPU
		{DE4FAD87-F7E4-40A4-8610-9F54C05C90D3}.Debug|x86.ActiveCfg = Debug|Any CPU
		{DE4FAD87-F7E4-40A4-8610-9F54C05C90D3}.Debug|x86.Build.0 = Debug|Any CPU
		{DE4FAD87-F7E4-40A4-8610-9F54C05C90D3}.Release|Any CPU.ActiveCfg = Release|Any CPU
		{DE4FAD87-F7E4-40A4-8610-9F54C05C90D3}.Release|Any CPU.Build.0 = Release|Any CPU
		{DE4FAD87-F7E4-40A4-8610-9F54C05C90D3}.Release|x64.ActiveCfg = Release|Any CPU
		{DE4FAD87-F7E4-40A4-8610-9F54C05C90D3}.Release|x64.Build.0 = Release|Any CPU
		{DE4FAD87-F7E4-40A4-8610-9F54C05C90D3}.Release|x86.ActiveCfg = Release|Any CPU
		{DE4FAD87-F7E4-40A4-8610-9F54C05C90D3}.Release|x86.Build.0 = Release|Any CPU
		{6C25C7A6-F878-48F5-BDA6-149252F89A20}.Debug|Any CPU.ActiveCfg = Debug|Any CPU
		{6C25C7A6-F878-48F5-BDA6-149252F89A20}.Debug|Any CPU.Build.0 = Debug|Any CPU
		{6C25C7A6-F878-48F5-BDA6-149252F89A20}.Debug|x64.ActiveCfg = Debug|Any CPU
		{6C25C7A6-F878-48F5-BDA6-149252F89A20}.Debug|x64.Build.0 = Debug|Any CPU
		{6C25C7A6-F878-48F5-BDA6-149252F89A20}.Debug|x86.ActiveCfg = Debug|Any CPU
		{6C25C7A6-F878-48F5-BDA6-149252F89A20}.Debug|x86.Build.0 = Debug|Any CPU
		{6C25C7A6-F878-48F5-BDA6-149252F89A20}.Release|Any CPU.ActiveCfg = Release|Any CPU
		{6C25C7A6-F878-48F5-BDA6-149252F89A20}.Release|Any CPU.Build.0 = Release|Any CPU
		{6C25C7A6-F878-48F5-BDA6-149252F89A20}.Release|x64.ActiveCfg = Release|Any CPU
		{6C25C7A6-F878-48F5-BDA6-149252F89A20}.Release|x64.Build.0 = Release|Any CPU
		{6C25C7A6-F878-48F5-BDA6-149252F89A20}.Release|x86.ActiveCfg = Release|Any CPU
		{6C25C7A6-F878-48F5-BDA6-149252F89A20}.Release|x86.Build.0 = Release|Any CPU
		{C970AA36-C31F-453A-8580-1BE86757ECD5}.Debug|Any CPU.ActiveCfg = Debug|Any CPU
		{C970AA36-C31F-453A-8580-1BE86757ECD5}.Debug|Any CPU.Build.0 = Debug|Any CPU
		{C970AA36-C31F-453A-8580-1BE86757ECD5}.Debug|x64.ActiveCfg = Debug|Any CPU
		{C970AA36-C31F-453A-8580-1BE86757ECD5}.Debug|x64.Build.0 = Debug|Any CPU
		{C970AA36-C31F-453A-8580-1BE86757ECD5}.Debug|x86.ActiveCfg = Debug|Any CPU
		{C970AA36-C31F-453A-8580-1BE86757ECD5}.Debug|x86.Build.0 = Debug|Any CPU
		{C970AA36-C31F-453A-8580-1BE86757ECD5}.Release|Any CPU.ActiveCfg = Release|Any CPU
		{C970AA36-C31F-453A-8580-1BE86757ECD5}.Release|Any CPU.Build.0 = Release|Any CPU
		{C970AA36-C31F-453A-8580-1BE86757ECD5}.Release|x64.ActiveCfg = Release|Any CPU
		{C970AA36-C31F-453A-8580-1BE86757ECD5}.Release|x64.Build.0 = Release|Any CPU
		{C970AA36-C31F-453A-8580-1BE86757ECD5}.Release|x86.ActiveCfg = Release|Any CPU
		{C970AA36-C31F-453A-8580-1BE86757ECD5}.Release|x86.Build.0 = Release|Any CPU
		{5ADF7705-3EEA-4B51-8AC0-26E3B9342C1B}.Debug|Any CPU.ActiveCfg = Debug|Any CPU
		{5ADF7705-3EEA-4B51-8AC0-26E3B9342C1B}.Debug|Any CPU.Build.0 = Debug|Any CPU
		{5ADF7705-3EEA-4B51-8AC0-26E3B9342C1B}.Debug|x64.ActiveCfg = Debug|Any CPU
		{5ADF7705-3EEA-4B51-8AC0-26E3B9342C1B}.Debug|x64.Build.0 = Debug|Any CPU
		{5ADF7705-3EEA-4B51-8AC0-26E3B9342C1B}.Debug|x86.ActiveCfg = Debug|Any CPU
		{5ADF7705-3EEA-4B51-8AC0-26E3B9342C1B}.Debug|x86.Build.0 = Debug|Any CPU
		{5ADF7705-3EEA-4B51-8AC0-26E3B9342C1B}.Release|Any CPU.ActiveCfg = Release|Any CPU
		{5ADF7705-3EEA-4B51-8AC0-26E3B9342C1B}.Release|Any CPU.Build.0 = Release|Any CPU
		{5ADF7705-3EEA-4B51-8AC0-26E3B9342C1B}.Release|x64.ActiveCfg = Release|Any CPU
		{5ADF7705-3EEA-4B51-8AC0-26E3B9342C1B}.Release|x64.Build.0 = Release|Any CPU
		{5ADF7705-3EEA-4B51-8AC0-26E3B9342C1B}.Release|x86.ActiveCfg = Release|Any CPU
		{5ADF7705-3EEA-4B51-8AC0-26E3B9342C1B}.Release|x86.Build.0 = Release|Any CPU
		{B9188070-83A7-46D6-AC5C-3845F0AC82E5}.Debug|Any CPU.ActiveCfg = Debug|Any CPU
		{B9188070-83A7-46D6-AC5C-3845F0AC82E5}.Debug|Any CPU.Build.0 = Debug|Any CPU
		{B9188070-83A7-46D6-AC5C-3845F0AC82E5}.Debug|x64.ActiveCfg = Debug|Any CPU
		{B9188070-83A7-46D6-AC5C-3845F0AC82E5}.Debug|x64.Build.0 = Debug|Any CPU
		{B9188070-83A7-46D6-AC5C-3845F0AC82E5}.Debug|x86.ActiveCfg = Debug|Any CPU
		{B9188070-83A7-46D6-AC5C-3845F0AC82E5}.Debug|x86.Build.0 = Debug|Any CPU
		{B9188070-83A7-46D6-AC5C-3845F0AC82E5}.Release|Any CPU.ActiveCfg = Release|Any CPU
		{B9188070-83A7-46D6-AC5C-3845F0AC82E5}.Release|Any CPU.Build.0 = Release|Any CPU
		{B9188070-83A7-46D6-AC5C-3845F0AC82E5}.Release|x64.ActiveCfg = Release|Any CPU
		{B9188070-83A7-46D6-AC5C-3845F0AC82E5}.Release|x64.Build.0 = Release|Any CPU
		{B9188070-83A7-46D6-AC5C-3845F0AC82E5}.Release|x86.ActiveCfg = Release|Any CPU
		{B9188070-83A7-46D6-AC5C-3845F0AC82E5}.Release|x86.Build.0 = Release|Any CPU
		{AF58173B-5162-4341-BE20-D28A5E068407}.Debug|Any CPU.ActiveCfg = Debug|Any CPU
		{AF58173B-5162-4341-BE20-D28A5E068407}.Debug|Any CPU.Build.0 = Debug|Any CPU
		{AF58173B-5162-4341-BE20-D28A5E068407}.Debug|x64.ActiveCfg = Debug|Any CPU
		{AF58173B-5162-4341-BE20-D28A5E068407}.Debug|x64.Build.0 = Debug|Any CPU
		{AF58173B-5162-4341-BE20-D28A5E068407}.Debug|x86.ActiveCfg = Debug|Any CPU
		{AF58173B-5162-4341-BE20-D28A5E068407}.Debug|x86.Build.0 = Debug|Any CPU
		{AF58173B-5162-4341-BE20-D28A5E068407}.Release|Any CPU.ActiveCfg = Release|Any CPU
		{AF58173B-5162-4341-BE20-D28A5E068407}.Release|Any CPU.Build.0 = Release|Any CPU
		{AF58173B-5162-4341-BE20-D28A5E068407}.Release|x64.ActiveCfg = Release|Any CPU
		{AF58173B-5162-4341-BE20-D28A5E068407}.Release|x64.Build.0 = Release|Any CPU
		{AF58173B-5162-4341-BE20-D28A5E068407}.Release|x86.ActiveCfg = Release|Any CPU
		{AF58173B-5162-4341-BE20-D28A5E068407}.Release|x86.Build.0 = Release|Any CPU
	EndGlobalSection
	GlobalSection(NestedProjects) = preSolution
		{919AA3C8-E5B6-4D0B-9F5E-6997A7C20825} = {6D9502EE-6498-4973-83C9-68CD3865042C}
		{BF24CB45-FFB5-4876-9633-5A28CDF079BD} = {6D9502EE-6498-4973-83C9-68CD3865042C}
		{CAF5D92F-9E57-4975-8844-195C33D85717} = {9905EB02-7BC9-4E14-A0B1-803175A412B1}
		{1399F610-4539-4DD4-A132-DCA3936A5E11} = {9905EB02-7BC9-4E14-A0B1-803175A412B1}
		{DE4FAD87-F7E4-40A4-8610-9F54C05C90D3} = {0D0C5F3A-195B-470D-A6F1-88B4763E3FC9}
		{6C25C7A6-F878-48F5-BDA6-149252F89A20} = {0D0C5F3A-195B-470D-A6F1-88B4763E3FC9}
		{C970AA36-C31F-453A-8580-1BE86757ECD5} = {71D3604D-9CB2-4C9E-82F0-60C716E3FEC4}
		{5ADF7705-3EEA-4B51-8AC0-26E3B9342C1B} = {71D3604D-9CB2-4C9E-82F0-60C716E3FEC4}
		{B9188070-83A7-46D6-AC5C-3845F0AC82E5} = {33083921-4137-4AA6-B324-D38D652202CD}
		{AF58173B-5162-4341-BE20-D28A5E068407} = {33083921-4137-4AA6-B324-D38D652202CD}
	EndGlobalSection
EndGlobal
