
Microsoft Visual Studio Solution File, Format Version 12.00
# Visual Studio Version 16
VisualStudioVersion = 16.0.30711.63
MinimumVisualStudioVersion = 15.0.26124.0
Project("{2150E333-8FDC-42A3-9474-1A3956D46DE8}") = "src", "src", "{00513692-D2A6-4CC3-962F-56A22DB0D017}"
EndProject
Project("{9A19103F-16F7-4668-BE54-9A1E7A4F7556}") = "Nmx.Core", "src\Nmx.Core\Nmx.Core.csproj", "{D0C951DC-8991-4F07-93F4-64A7972F46A0}"
EndProject
Project("{2150E333-8FDC-42A3-9474-1A3956D46DE8}") = "test", "test", "{D1DA22B3-13F6-47C4-B1EE-E477A89FBF53}"
EndProject
Project("{9A19103F-16F7-4668-BE54-9A1E7A4F7556}") = "Nmx.Tests", "test\Nmx.Tests\Nmx.Tests.csproj", "{D3D97CE9-F638-4750-921C-9D8F584AC745}"
EndProject
Project("{2150E333-8FDC-42A3-9474-1A3956D46DE8}") = "Solution Items", "Solution Items", "{602B5B29-E1C1-4F9F-874B-EFB4F143A7BE}"
	ProjectSection(SolutionItems) = preProject
		.editorconfig = .editorconfig
	EndProjectSection
EndProject
Project("{9A19103F-16F7-4668-BE54-9A1E7A4F7556}") = "Mettle", "src\Mettle\Mettle.csproj", "{EB305BA2-A839-4152-A9D3-0C1FC6612440}"
EndProject
Project("{FAE04EC0-301F-11D3-BF4B-00C04F79EFBC}") = "Nex", "src\Nex\Nex.csproj", "{DEC759F8-CF97-471B-B431-56B672B2F1C1}"
EndProject
Project("{FAE04EC0-301F-11D3-BF4B-00C04F79EFBC}") = "Nex.Web", "src\Nex.Web\Nex.Web.csproj", "{5B110159-E8B1-4FC3-96BE-6FD44D000870}"
EndProject
Project("{FAE04EC0-301F-11D3-BF4B-00C04F79EFBC}") = "Nmx", "src\Nmx\Nmx.csproj", "{FE1E8104-54FD-48A0-809F-C65783458A95}"
EndProject
Project("{FAE04EC0-301F-11D3-BF4B-00C04F79EFBC}") = "Nmx.DotEnv", "src\Nmx.DotEnv\Nmx.DotEnv.csproj", "{31D5FB7C-E06B-48D9-9E42-712F95DA989D}"
EndProject
Project("{FAE04EC0-301F-11D3-BF4B-00C04F79EFBC}") = "Nex.Data", "src\Nex.Data\Nex.Data.csproj", "{6D1361DA-F3DE-433E-8D13-6D16AB0554F8}"
EndProject
Project("{FAE04EC0-301F-11D3-BF4B-00C04F79EFBC}") = "Nex.Data.Mssql", "src\Nex.Data.Mssql\Nex.Data.Mssql.csproj", "{5105C901-F69E-464B-9C41-92C1159F7928}"
EndProject
Project("{FAE04EC0-301F-11D3-BF4B-00C04F79EFBC}") = "Nmx.Extensions.EntityFrameworkCore", "src\Nmx.Extensions.EntityFrameworkCore\Nmx.Extensions.EntityFrameworkCore.csproj", "{703A14CD-DD2E-4FFA-B940-FF41F8EAADDF}"
EndProject
Project("{FAE04EC0-301F-11D3-BF4B-00C04F79EFBC}") = "Nmx.Shell.Commands", "src\Nmx.Shell.Commands\Nmx.Shell.Commands.csproj", "{E50843C6-C65D-47AF-ACE7-FAA03CCE3CC5}"
EndProject
Project("{FAE04EC0-301F-11D3-BF4B-00C04F79EFBC}") = "Nmx.Flex", "src\Nmx.Flex\Nmx.Flex.csproj", "{63A1A291-1253-4B8C-A346-DB1E5463069D}"
EndProject
Project("{FAE04EC0-301F-11D3-BF4B-00C04F79EFBC}") = "Nmx.Templates", "src\Nmx.Templates\Nmx.Templates.csproj", "{CA1D2A27-2DA1-445C-8623-562B198337CA}"
EndProject
Project("{FAE04EC0-301F-11D3-BF4B-00C04F79EFBC}") = "Nmx.CommandLine.Hosting", "src\Nmx.CommandLine.Hosting\Nmx.CommandLine.Hosting.csproj", "{687C73A5-658B-44FA-BB8D-1D70A3A88BA6}"
EndProject
Global
	GlobalSection(SolutionConfigurationPlatforms) = preSolution
		Debug|Any CPU = Debug|Any CPU
		Debug|x64 = Debug|x64
		Debug|x86 = Debug|x86
		Release|Any CPU = Release|Any CPU
		Release|x64 = Release|x64
		Release|x86 = Release|x86
	EndGlobalSection
	GlobalSection(ProjectConfigurationPlatforms) = postSolution
		{D0C951DC-8991-4F07-93F4-64A7972F46A0}.Debug|Any CPU.ActiveCfg = Debug|Any CPU
		{D0C951DC-8991-4F07-93F4-64A7972F46A0}.Debug|Any CPU.Build.0 = Debug|Any CPU
		{D0C951DC-8991-4F07-93F4-64A7972F46A0}.Debug|x64.ActiveCfg = Debug|Any CPU
		{D0C951DC-8991-4F07-93F4-64A7972F46A0}.Debug|x64.Build.0 = Debug|Any CPU
		{D0C951DC-8991-4F07-93F4-64A7972F46A0}.Debug|x86.ActiveCfg = Debug|Any CPU
		{D0C951DC-8991-4F07-93F4-64A7972F46A0}.Debug|x86.Build.0 = Debug|Any CPU
		{D0C951DC-8991-4F07-93F4-64A7972F46A0}.Release|Any CPU.ActiveCfg = Release|Any CPU
		{D0C951DC-8991-4F07-93F4-64A7972F46A0}.Release|Any CPU.Build.0 = Release|Any CPU
		{D0C951DC-8991-4F07-93F4-64A7972F46A0}.Release|x64.ActiveCfg = Release|Any CPU
		{D0C951DC-8991-4F07-93F4-64A7972F46A0}.Release|x64.Build.0 = Release|Any CPU
		{D0C951DC-8991-4F07-93F4-64A7972F46A0}.Release|x86.ActiveCfg = Release|Any CPU
		{D0C951DC-8991-4F07-93F4-64A7972F46A0}.Release|x86.Build.0 = Release|Any CPU
		{D3D97CE9-F638-4750-921C-9D8F584AC745}.Debug|Any CPU.ActiveCfg = Debug|Any CPU
		{D3D97CE9-F638-4750-921C-9D8F584AC745}.Debug|Any CPU.Build.0 = Debug|Any CPU
		{D3D97CE9-F638-4750-921C-9D8F584AC745}.Debug|x64.ActiveCfg = Debug|Any CPU
		{D3D97CE9-F638-4750-921C-9D8F584AC745}.Debug|x64.Build.0 = Debug|Any CPU
		{D3D97CE9-F638-4750-921C-9D8F584AC745}.Debug|x86.ActiveCfg = Debug|Any CPU
		{D3D97CE9-F638-4750-921C-9D8F584AC745}.Debug|x86.Build.0 = Debug|Any CPU
		{D3D97CE9-F638-4750-921C-9D8F584AC745}.Release|Any CPU.ActiveCfg = Release|Any CPU
		{D3D97CE9-F638-4750-921C-9D8F584AC745}.Release|Any CPU.Build.0 = Release|Any CPU
		{D3D97CE9-F638-4750-921C-9D8F584AC745}.Release|x64.ActiveCfg = Release|Any CPU
		{D3D97CE9-F638-4750-921C-9D8F584AC745}.Release|x64.Build.0 = Release|Any CPU
		{D3D97CE9-F638-4750-921C-9D8F584AC745}.Release|x86.ActiveCfg = Release|Any CPU
		{D3D97CE9-F638-4750-921C-9D8F584AC745}.Release|x86.Build.0 = Release|Any CPU
		{EB305BA2-A839-4152-A9D3-0C1FC6612440}.Debug|Any CPU.ActiveCfg = Debug|Any CPU
		{EB305BA2-A839-4152-A9D3-0C1FC6612440}.Debug|Any CPU.Build.0 = Debug|Any CPU
		{EB305BA2-A839-4152-A9D3-0C1FC6612440}.Debug|x64.ActiveCfg = Debug|Any CPU
		{EB305BA2-A839-4152-A9D3-0C1FC6612440}.Debug|x64.Build.0 = Debug|Any CPU
		{EB305BA2-A839-4152-A9D3-0C1FC6612440}.Debug|x86.ActiveCfg = Debug|Any CPU
		{EB305BA2-A839-4152-A9D3-0C1FC6612440}.Debug|x86.Build.0 = Debug|Any CPU
		{EB305BA2-A839-4152-A9D3-0C1FC6612440}.Release|Any CPU.ActiveCfg = Release|Any CPU
		{EB305BA2-A839-4152-A9D3-0C1FC6612440}.Release|Any CPU.Build.0 = Release|Any CPU
		{EB305BA2-A839-4152-A9D3-0C1FC6612440}.Release|x64.ActiveCfg = Release|Any CPU
		{EB305BA2-A839-4152-A9D3-0C1FC6612440}.Release|x64.Build.0 = Release|Any CPU
		{EB305BA2-A839-4152-A9D3-0C1FC6612440}.Release|x86.ActiveCfg = Release|Any CPU
		{EB305BA2-A839-4152-A9D3-0C1FC6612440}.Release|x86.Build.0 = Release|Any CPU
		{DEC759F8-CF97-471B-B431-56B672B2F1C1}.Debug|Any CPU.ActiveCfg = Debug|Any CPU
		{DEC759F8-CF97-471B-B431-56B672B2F1C1}.Debug|Any CPU.Build.0 = Debug|Any CPU
		{DEC759F8-CF97-471B-B431-56B672B2F1C1}.Debug|x64.ActiveCfg = Debug|Any CPU
		{DEC759F8-CF97-471B-B431-56B672B2F1C1}.Debug|x64.Build.0 = Debug|Any CPU
		{DEC759F8-CF97-471B-B431-56B672B2F1C1}.Debug|x86.ActiveCfg = Debug|Any CPU
		{DEC759F8-CF97-471B-B431-56B672B2F1C1}.Debug|x86.Build.0 = Debug|Any CPU
		{DEC759F8-CF97-471B-B431-56B672B2F1C1}.Release|Any CPU.ActiveCfg = Release|Any CPU
		{DEC759F8-CF97-471B-B431-56B672B2F1C1}.Release|Any CPU.Build.0 = Release|Any CPU
		{DEC759F8-CF97-471B-B431-56B672B2F1C1}.Release|x64.ActiveCfg = Release|Any CPU
		{DEC759F8-CF97-471B-B431-56B672B2F1C1}.Release|x64.Build.0 = Release|Any CPU
		{DEC759F8-CF97-471B-B431-56B672B2F1C1}.Release|x86.ActiveCfg = Release|Any CPU
		{DEC759F8-CF97-471B-B431-56B672B2F1C1}.Release|x86.Build.0 = Release|Any CPU
		{5B110159-E8B1-4FC3-96BE-6FD44D000870}.Debug|Any CPU.ActiveCfg = Debug|Any CPU
		{5B110159-E8B1-4FC3-96BE-6FD44D000870}.Debug|Any CPU.Build.0 = Debug|Any CPU
		{5B110159-E8B1-4FC3-96BE-6FD44D000870}.Debug|x64.ActiveCfg = Debug|Any CPU
		{5B110159-E8B1-4FC3-96BE-6FD44D000870}.Debug|x64.Build.0 = Debug|Any CPU
		{5B110159-E8B1-4FC3-96BE-6FD44D000870}.Debug|x86.ActiveCfg = Debug|Any CPU
		{5B110159-E8B1-4FC3-96BE-6FD44D000870}.Debug|x86.Build.0 = Debug|Any CPU
		{5B110159-E8B1-4FC3-96BE-6FD44D000870}.Release|Any CPU.ActiveCfg = Release|Any CPU
		{5B110159-E8B1-4FC3-96BE-6FD44D000870}.Release|Any CPU.Build.0 = Release|Any CPU
		{5B110159-E8B1-4FC3-96BE-6FD44D000870}.Release|x64.ActiveCfg = Release|Any CPU
		{5B110159-E8B1-4FC3-96BE-6FD44D000870}.Release|x64.Build.0 = Release|Any CPU
		{5B110159-E8B1-4FC3-96BE-6FD44D000870}.Release|x86.ActiveCfg = Release|Any CPU
		{5B110159-E8B1-4FC3-96BE-6FD44D000870}.Release|x86.Build.0 = Release|Any CPU
		{FE1E8104-54FD-48A0-809F-C65783458A95}.Debug|Any CPU.ActiveCfg = Debug|Any CPU
		{FE1E8104-54FD-48A0-809F-C65783458A95}.Debug|Any CPU.Build.0 = Debug|Any CPU
		{FE1E8104-54FD-48A0-809F-C65783458A95}.Debug|x64.ActiveCfg = Debug|Any CPU
		{FE1E8104-54FD-48A0-809F-C65783458A95}.Debug|x64.Build.0 = Debug|Any CPU
		{FE1E8104-54FD-48A0-809F-C65783458A95}.Debug|x86.ActiveCfg = Debug|Any CPU
		{FE1E8104-54FD-48A0-809F-C65783458A95}.Debug|x86.Build.0 = Debug|Any CPU
		{FE1E8104-54FD-48A0-809F-C65783458A95}.Release|Any CPU.ActiveCfg = Release|Any CPU
		{FE1E8104-54FD-48A0-809F-C65783458A95}.Release|Any CPU.Build.0 = Release|Any CPU
		{FE1E8104-54FD-48A0-809F-C65783458A95}.Release|x64.ActiveCfg = Release|Any CPU
		{FE1E8104-54FD-48A0-809F-C65783458A95}.Release|x64.Build.0 = Release|Any CPU
		{FE1E8104-54FD-48A0-809F-C65783458A95}.Release|x86.ActiveCfg = Release|Any CPU
		{FE1E8104-54FD-48A0-809F-C65783458A95}.Release|x86.Build.0 = Release|Any CPU
		{31D5FB7C-E06B-48D9-9E42-712F95DA989D}.Debug|Any CPU.ActiveCfg = Debug|Any CPU
		{31D5FB7C-E06B-48D9-9E42-712F95DA989D}.Debug|Any CPU.Build.0 = Debug|Any CPU
		{31D5FB7C-E06B-48D9-9E42-712F95DA989D}.Debug|x64.ActiveCfg = Debug|Any CPU
		{31D5FB7C-E06B-48D9-9E42-712F95DA989D}.Debug|x64.Build.0 = Debug|Any CPU
		{31D5FB7C-E06B-48D9-9E42-712F95DA989D}.Debug|x86.ActiveCfg = Debug|Any CPU
		{31D5FB7C-E06B-48D9-9E42-712F95DA989D}.Debug|x86.Build.0 = Debug|Any CPU
		{31D5FB7C-E06B-48D9-9E42-712F95DA989D}.Release|Any CPU.ActiveCfg = Release|Any CPU
		{31D5FB7C-E06B-48D9-9E42-712F95DA989D}.Release|Any CPU.Build.0 = Release|Any CPU
		{31D5FB7C-E06B-48D9-9E42-712F95DA989D}.Release|x64.ActiveCfg = Release|Any CPU
		{31D5FB7C-E06B-48D9-9E42-712F95DA989D}.Release|x64.Build.0 = Release|Any CPU
		{31D5FB7C-E06B-48D9-9E42-712F95DA989D}.Release|x86.ActiveCfg = Release|Any CPU
		{31D5FB7C-E06B-48D9-9E42-712F95DA989D}.Release|x86.Build.0 = Release|Any CPU
		{6D1361DA-F3DE-433E-8D13-6D16AB0554F8}.Debug|Any CPU.ActiveCfg = Debug|Any CPU
		{6D1361DA-F3DE-433E-8D13-6D16AB0554F8}.Debug|Any CPU.Build.0 = Debug|Any CPU
		{6D1361DA-F3DE-433E-8D13-6D16AB0554F8}.Debug|x64.ActiveCfg = Debug|Any CPU
		{6D1361DA-F3DE-433E-8D13-6D16AB0554F8}.Debug|x64.Build.0 = Debug|Any CPU
		{6D1361DA-F3DE-433E-8D13-6D16AB0554F8}.Debug|x86.ActiveCfg = Debug|Any CPU
		{6D1361DA-F3DE-433E-8D13-6D16AB0554F8}.Debug|x86.Build.0 = Debug|Any CPU
		{6D1361DA-F3DE-433E-8D13-6D16AB0554F8}.Release|Any CPU.ActiveCfg = Release|Any CPU
		{6D1361DA-F3DE-433E-8D13-6D16AB0554F8}.Release|Any CPU.Build.0 = Release|Any CPU
		{6D1361DA-F3DE-433E-8D13-6D16AB0554F8}.Release|x64.ActiveCfg = Release|Any CPU
		{6D1361DA-F3DE-433E-8D13-6D16AB0554F8}.Release|x64.Build.0 = Release|Any CPU
		{6D1361DA-F3DE-433E-8D13-6D16AB0554F8}.Release|x86.ActiveCfg = Release|Any CPU
		{6D1361DA-F3DE-433E-8D13-6D16AB0554F8}.Release|x86.Build.0 = Release|Any CPU
		{5105C901-F69E-464B-9C41-92C1159F7928}.Debug|Any CPU.ActiveCfg = Debug|Any CPU
		{5105C901-F69E-464B-9C41-92C1159F7928}.Debug|Any CPU.Build.0 = Debug|Any CPU
		{5105C901-F69E-464B-9C41-92C1159F7928}.Debug|x64.ActiveCfg = Debug|Any CPU
		{5105C901-F69E-464B-9C41-92C1159F7928}.Debug|x64.Build.0 = Debug|Any CPU
		{5105C901-F69E-464B-9C41-92C1159F7928}.Debug|x86.ActiveCfg = Debug|Any CPU
		{5105C901-F69E-464B-9C41-92C1159F7928}.Debug|x86.Build.0 = Debug|Any CPU
		{5105C901-F69E-464B-9C41-92C1159F7928}.Release|Any CPU.ActiveCfg = Release|Any CPU
		{5105C901-F69E-464B-9C41-92C1159F7928}.Release|Any CPU.Build.0 = Release|Any CPU
		{5105C901-F69E-464B-9C41-92C1159F7928}.Release|x64.ActiveCfg = Release|Any CPU
		{5105C901-F69E-464B-9C41-92C1159F7928}.Release|x64.Build.0 = Release|Any CPU
		{5105C901-F69E-464B-9C41-92C1159F7928}.Release|x86.ActiveCfg = Release|Any CPU
		{5105C901-F69E-464B-9C41-92C1159F7928}.Release|x86.Build.0 = Release|Any CPU
		{703A14CD-DD2E-4FFA-B940-FF41F8EAADDF}.Debug|Any CPU.ActiveCfg = Debug|Any CPU
		{703A14CD-DD2E-4FFA-B940-FF41F8EAADDF}.Debug|Any CPU.Build.0 = Debug|Any CPU
		{703A14CD-DD2E-4FFA-B940-FF41F8EAADDF}.Debug|x64.ActiveCfg = Debug|Any CPU
		{703A14CD-DD2E-4FFA-B940-FF41F8EAADDF}.Debug|x64.Build.0 = Debug|Any CPU
		{703A14CD-DD2E-4FFA-B940-FF41F8EAADDF}.Debug|x86.ActiveCfg = Debug|Any CPU
		{703A14CD-DD2E-4FFA-B940-FF41F8EAADDF}.Debug|x86.Build.0 = Debug|Any CPU
		{703A14CD-DD2E-4FFA-B940-FF41F8EAADDF}.Release|Any CPU.ActiveCfg = Release|Any CPU
		{703A14CD-DD2E-4FFA-B940-FF41F8EAADDF}.Release|Any CPU.Build.0 = Release|Any CPU
		{703A14CD-DD2E-4FFA-B940-FF41F8EAADDF}.Release|x64.ActiveCfg = Release|Any CPU
		{703A14CD-DD2E-4FFA-B940-FF41F8EAADDF}.Release|x64.Build.0 = Release|Any CPU
		{703A14CD-DD2E-4FFA-B940-FF41F8EAADDF}.Release|x86.ActiveCfg = Release|Any CPU
		{703A14CD-DD2E-4FFA-B940-FF41F8EAADDF}.Release|x86.Build.0 = Release|Any CPU
		{E50843C6-C65D-47AF-ACE7-FAA03CCE3CC5}.Debug|Any CPU.ActiveCfg = Debug|Any CPU
		{E50843C6-C65D-47AF-ACE7-FAA03CCE3CC5}.Debug|Any CPU.Build.0 = Debug|Any CPU
		{E50843C6-C65D-47AF-ACE7-FAA03CCE3CC5}.Debug|x64.ActiveCfg = Debug|Any CPU
		{E50843C6-C65D-47AF-ACE7-FAA03CCE3CC5}.Debug|x64.Build.0 = Debug|Any CPU
		{E50843C6-C65D-47AF-ACE7-FAA03CCE3CC5}.Debug|x86.ActiveCfg = Debug|Any CPU
		{E50843C6-C65D-47AF-ACE7-FAA03CCE3CC5}.Debug|x86.Build.0 = Debug|Any CPU
		{E50843C6-C65D-47AF-ACE7-FAA03CCE3CC5}.Release|Any CPU.ActiveCfg = Release|Any CPU
		{E50843C6-C65D-47AF-ACE7-FAA03CCE3CC5}.Release|Any CPU.Build.0 = Release|Any CPU
		{E50843C6-C65D-47AF-ACE7-FAA03CCE3CC5}.Release|x64.ActiveCfg = Release|Any CPU
		{E50843C6-C65D-47AF-ACE7-FAA03CCE3CC5}.Release|x64.Build.0 = Release|Any CPU
		{E50843C6-C65D-47AF-ACE7-FAA03CCE3CC5}.Release|x86.ActiveCfg = Release|Any CPU
		{E50843C6-C65D-47AF-ACE7-FAA03CCE3CC5}.Release|x86.Build.0 = Release|Any CPU
		{63A1A291-1253-4B8C-A346-DB1E5463069D}.Debug|Any CPU.ActiveCfg = Debug|Any CPU
		{63A1A291-1253-4B8C-A346-DB1E5463069D}.Debug|Any CPU.Build.0 = Debug|Any CPU
		{63A1A291-1253-4B8C-A346-DB1E5463069D}.Debug|x64.ActiveCfg = Debug|Any CPU
		{63A1A291-1253-4B8C-A346-DB1E5463069D}.Debug|x64.Build.0 = Debug|Any CPU
		{63A1A291-1253-4B8C-A346-DB1E5463069D}.Debug|x86.ActiveCfg = Debug|Any CPU
		{63A1A291-1253-4B8C-A346-DB1E5463069D}.Debug|x86.Build.0 = Debug|Any CPU
		{63A1A291-1253-4B8C-A346-DB1E5463069D}.Release|Any CPU.ActiveCfg = Release|Any CPU
		{63A1A291-1253-4B8C-A346-DB1E5463069D}.Release|Any CPU.Build.0 = Release|Any CPU
		{63A1A291-1253-4B8C-A346-DB1E5463069D}.Release|x64.ActiveCfg = Release|Any CPU
		{63A1A291-1253-4B8C-A346-DB1E5463069D}.Release|x64.Build.0 = Release|Any CPU
		{63A1A291-1253-4B8C-A346-DB1E5463069D}.Release|x86.ActiveCfg = Release|Any CPU
		{63A1A291-1253-4B8C-A346-DB1E5463069D}.Release|x86.Build.0 = Release|Any CPU
		{CA1D2A27-2DA1-445C-8623-562B198337CA}.Debug|Any CPU.ActiveCfg = Debug|Any CPU
		{CA1D2A27-2DA1-445C-8623-562B198337CA}.Debug|Any CPU.Build.0 = Debug|Any CPU
		{CA1D2A27-2DA1-445C-8623-562B198337CA}.Debug|x64.ActiveCfg = Debug|Any CPU
		{CA1D2A27-2DA1-445C-8623-562B198337CA}.Debug|x64.Build.0 = Debug|Any CPU
		{CA1D2A27-2DA1-445C-8623-562B198337CA}.Debug|x86.ActiveCfg = Debug|Any CPU
		{CA1D2A27-2DA1-445C-8623-562B198337CA}.Debug|x86.Build.0 = Debug|Any CPU
		{CA1D2A27-2DA1-445C-8623-562B198337CA}.Release|Any CPU.ActiveCfg = Release|Any CPU
		{CA1D2A27-2DA1-445C-8623-562B198337CA}.Release|Any CPU.Build.0 = Release|Any CPU
		{CA1D2A27-2DA1-445C-8623-562B198337CA}.Release|x64.ActiveCfg = Release|Any CPU
		{CA1D2A27-2DA1-445C-8623-562B198337CA}.Release|x64.Build.0 = Release|Any CPU
		{CA1D2A27-2DA1-445C-8623-562B198337CA}.Release|x86.ActiveCfg = Release|Any CPU
		{CA1D2A27-2DA1-445C-8623-562B198337CA}.Release|x86.Build.0 = Release|Any CPU
		{687C73A5-658B-44FA-BB8D-1D70A3A88BA6}.Debug|Any CPU.ActiveCfg = Debug|Any CPU
		{687C73A5-658B-44FA-BB8D-1D70A3A88BA6}.Debug|Any CPU.Build.0 = Debug|Any CPU
		{687C73A5-658B-44FA-BB8D-1D70A3A88BA6}.Debug|x64.ActiveCfg = Debug|Any CPU
		{687C73A5-658B-44FA-BB8D-1D70A3A88BA6}.Debug|x64.Build.0 = Debug|Any CPU
		{687C73A5-658B-44FA-BB8D-1D70A3A88BA6}.Debug|x86.ActiveCfg = Debug|Any CPU
		{687C73A5-658B-44FA-BB8D-1D70A3A88BA6}.Debug|x86.Build.0 = Debug|Any CPU
		{687C73A5-658B-44FA-BB8D-1D70A3A88BA6}.Release|Any CPU.ActiveCfg = Release|Any CPU
		{687C73A5-658B-44FA-BB8D-1D70A3A88BA6}.Release|Any CPU.Build.0 = Release|Any CPU
		{687C73A5-658B-44FA-BB8D-1D70A3A88BA6}.Release|x64.ActiveCfg = Release|Any CPU
		{687C73A5-658B-44FA-BB8D-1D70A3A88BA6}.Release|x64.Build.0 = Release|Any CPU
		{687C73A5-658B-44FA-BB8D-1D70A3A88BA6}.Release|x86.ActiveCfg = Release|Any CPU
		{687C73A5-658B-44FA-BB8D-1D70A3A88BA6}.Release|x86.Build.0 = Release|Any CPU
	EndGlobalSection
	GlobalSection(SolutionProperties) = preSolution
		HideSolutionNode = FALSE
	EndGlobalSection
	GlobalSection(NestedProjects) = preSolution
		{D0C951DC-8991-4F07-93F4-64A7972F46A0} = {00513692-D2A6-4CC3-962F-56A22DB0D017}
		{D3D97CE9-F638-4750-921C-9D8F584AC745} = {D1DA22B3-13F6-47C4-B1EE-E477A89FBF53}
		{EB305BA2-A839-4152-A9D3-0C1FC6612440} = {00513692-D2A6-4CC3-962F-56A22DB0D017}
		{DEC759F8-CF97-471B-B431-56B672B2F1C1} = {00513692-D2A6-4CC3-962F-56A22DB0D017}
		{5B110159-E8B1-4FC3-96BE-6FD44D000870} = {00513692-D2A6-4CC3-962F-56A22DB0D017}
		{FE1E8104-54FD-48A0-809F-C65783458A95} = {00513692-D2A6-4CC3-962F-56A22DB0D017}
		{31D5FB7C-E06B-48D9-9E42-712F95DA989D} = {00513692-D2A6-4CC3-962F-56A22DB0D017}
		{6D1361DA-F3DE-433E-8D13-6D16AB0554F8} = {00513692-D2A6-4CC3-962F-56A22DB0D017}
		{5105C901-F69E-464B-9C41-92C1159F7928} = {00513692-D2A6-4CC3-962F-56A22DB0D017}
		{703A14CD-DD2E-4FFA-B940-FF41F8EAADDF} = {00513692-D2A6-4CC3-962F-56A22DB0D017}
		{E50843C6-C65D-47AF-ACE7-FAA03CCE3CC5} = {00513692-D2A6-4CC3-962F-56A22DB0D017}
		{63A1A291-1253-4B8C-A346-DB1E5463069D} = {00513692-D2A6-4CC3-962F-56A22DB0D017}
		{CA1D2A27-2DA1-445C-8623-562B198337CA} = {00513692-D2A6-4CC3-962F-56A22DB0D017}
		{687C73A5-658B-44FA-BB8D-1D70A3A88BA6} = {00513692-D2A6-4CC3-962F-56A22DB0D017}
	EndGlobalSection
	GlobalSection(ExtensibilityGlobals) = postSolution
		SolutionGuid = {52775593-0623-448C-9F8F-EC04EAAC8B00}
	EndGlobalSection
EndGlobal
